{
  "version": 4,
  "terraform_version": "1.5.7",
  "serial": 1018,
  "lineage": "4fe9495a-9497-75d7-4fdb-62aaa9ee0a10",
  "outputs": {
    "ami": {
      "value": "ami-03eb6185d756497f8",
      "type": "string"
    }
  },
  "resources": [
    {
      "mode": "data",
      "type": "aws_ami",
      "name": "ecs_optimized_ami",
      "provider": "provider[\"registry.terraform.io/hashicorp/aws\"]",
      "instances": [
        {
          "schema_version": 0,
          "attributes": {
            "architecture": "x86_64",
            "arn": "arn:aws:ec2:us-east-1::image/ami-03eb6185d756497f8",
            "block_device_mappings": [
              {
                "device_name": "/dev/xvda",
                "ebs": {
                  "delete_on_termination": "true",
                  "encrypted": "false",
                  "iops": "0",
                  "snapshot_id": "snap-09d99d15b51a73622",
                  "throughput": "0",
                  "volume_size": "8",
                  "volume_type": "gp2"
                },
                "no_device": "",
                "virtual_name": ""
              }
            ],
            "boot_mode": "",
            "creation_date": "2023-10-13T23:55:11.000Z",
            "deprecation_time": "2025-07-01T00:00:00.000Z",
            "description": "Amazon Linux 2 Kernel 5.10 AMI 2.0.20231012.1 x86_64 HVM gp2",
            "ena_support": true,
            "executable_users": null,
            "filter": [
              {
                "name": "name",
                "values": [
                  "amzn2-ami-kernel-5.10-hvm-2.0.20231012.1-x86_64-gp2"
                ]
              }
            ],
            "hypervisor": "xen",
            "id": "ami-03eb6185d756497f8",
            "image_id": "ami-03eb6185d756497f8",
            "image_location": "amazon/amzn2-ami-kernel-5.10-hvm-2.0.20231012.1-x86_64-gp2",
            "image_owner_alias": "amazon",
            "image_type": "machine",
            "imds_support": "",
            "include_deprecated": false,
            "kernel_id": "",
            "most_recent": true,
            "name": "amzn2-ami-kernel-5.10-hvm-2.0.20231012.1-x86_64-gp2",
            "name_regex": null,
            "owner_id": "137112412989",
            "owners": [
              "amazon"
            ],
            "platform": "",
            "platform_details": "Linux/UNIX",
            "product_codes": [],
            "public": true,
            "ramdisk_id": "",
            "root_device_name": "/dev/xvda",
            "root_device_type": "ebs",
            "root_snapshot_id": "snap-09d99d15b51a73622",
            "sriov_net_support": "simple",
            "state": "available",
            "state_reason": {
              "code": "UNSET",
              "message": "UNSET"
            },
            "tags": {},
            "timeouts": null,
            "tpm_support": "",
            "usage_operation": "RunInstances",
            "virtualization_type": "hvm"
          },
          "sensitive_attributes": []
        }
      ]
    },
    {
      "mode": "data",
      "type": "aws_instances",
      "name": "ec2-pool",
      "provider": "provider[\"registry.terraform.io/hashicorp/aws\"]",
      "instances": [
        {
          "schema_version": 0,
          "attributes": {
            "filter": null,
            "id": "us-east-1",
            "ids": [
              "i-0e0c104accc9e07f8",
              "i-0c99b05ccc4e467e7"
            ],
            "instance_state_names": [
              "running"
            ],
            "instance_tags": {
              "Name": "EC2-pool"
            },
            "ipv6_addresses": [],
            "private_ips": [
              "10.10.1.110",
              "10.10.2.116"
            ],
            "public_ips": [
              "54.198.204.67",
              "3.222.245.225"
            ],
            "timeouts": null
          },
          "sensitive_attributes": []
        }
      ]
    },
    {
      "mode": "data",
      "type": "aws_lb",
      "name": "ghost_alb",
      "provider": "provider[\"registry.terraform.io/hashicorp/aws\"]",
      "instances": [
        {
          "schema_version": 0,
          "attributes": {
            "access_logs": [
              {
                "bucket": "",
                "enabled": false,
                "prefix": ""
              }
            ],
            "arn": "arn:aws:elasticloadbalancing:us-east-1:429881705512:loadbalancer/app/epam-lb/3dcacbd610a0dffc",
            "arn_suffix": "app/epam-lb/3dcacbd610a0dffc",
            "customer_owned_ipv4_pool": "",
            "desync_mitigation_mode": "defensive",
            "dns_name": "epam-lb-1695655880.us-east-1.elb.amazonaws.com",
            "drop_invalid_header_fields": false,
            "enable_cross_zone_load_balancing": true,
            "enable_deletion_protection": false,
            "enable_http2": true,
            "enable_tls_version_and_cipher_suite_headers": false,
            "enable_waf_fail_open": false,
            "enable_xff_client_port": false,
            "id": "arn:aws:elasticloadbalancing:us-east-1:429881705512:loadbalancer/app/epam-lb/3dcacbd610a0dffc",
            "idle_timeout": 60,
            "internal": false,
            "ip_address_type": "ipv4",
            "load_balancer_type": "application",
            "name": "epam-lb",
            "preserve_host_header": false,
            "security_groups": [
              "sg-0a33076721593ee68"
            ],
            "subnet_mapping": [
              {
                "allocation_id": "",
                "ipv6_address": "",
                "outpost_id": "",
                "private_ipv4_address": "",
                "subnet_id": "subnet-0a0638ce87ceace67"
              },
              {
                "allocation_id": "",
                "ipv6_address": "",
                "outpost_id": "",
                "private_ipv4_address": "",
                "subnet_id": "subnet-0b6fd49a6af48e3a2"
              },
              {
                "allocation_id": "",
                "ipv6_address": "",
                "outpost_id": "",
                "private_ipv4_address": "",
                "subnet_id": "subnet-0caac09c138593f59"
              }
            ],
            "subnets": [
              "subnet-0a0638ce87ceace67",
              "subnet-0b6fd49a6af48e3a2",
              "subnet-0caac09c138593f59"
            ],
            "tags": {
              "ENV": "dev"
            },
            "timeouts": null,
            "vpc_id": "vpc-0d1d073e3a7ca1f62",
            "xff_header_processing_mode": "append",
            "zone_id": "Z35SXDOTRQ7X7K"
          },
          "sensitive_attributes": []
        }
      ]
    },
    {
      "mode": "data",
      "type": "template_file",
      "name": "dns-name",
      "provider": "provider[\"registry.terraform.io/hashicorp/template\"]",
      "instances": [
        {
          "schema_version": 0,
          "attributes": {
            "filename": null,
            "id": "feaafcdf3786d650a94a9fdac5fb6f1fb278a2e69afbb536661a6760895521cb",
            "rendered": "#!/bin/bash -xe\n\nexec \u003e \u003e(tee /var/log/cloud-init-output.log|logger -t user-data -s 2\u003e/dev/console) 2\u003e\u00261\nexport  TOKEN=`curl -X PUT \"http://169.254.169.254/latest/api/token\" -H \"X-aws-ec2-metadata-token-ttl-seconds: 21600\"`\nexport SSM_DB_PASSWORD=\"/ghost/dbpassw\"\nexport  REGION=$(/usr/bin/curl -s http://169.254.169.254/latest/meta-data/placement/availability-zone -H \"X-aws-ec2-metadata-token: $TOKEN\" | sed 's/[a-z]$//')\nexport  EFS_ID=$(aws efs describe-file-systems --query 'FileSystems[?Name==`ghost_content`].FileSystemId' --region $REGION --output text)\nexport DB_PASSWORD=$(aws ssm get-parameter --name $SSM_DB_PASSWORD --query Parameter.Value --with-decryption --region $REGION --output text)\n\n### Install pre-reqs\nyum install -y nodejs\n\nyum install -y  amazon-efs-utils\nsudo  npm install -g ghost-cli@latest -g\nadduser ghost_user\nusermod -aG wheel ghost_user\ncd /home/ghost_user/\n\nsudo -u ghost_user ghost install  local\n\n### EFS mount\nmkdir -p /home/ghost_user/ghost/content/data/\n\nmount -t efs -o tls $EFS_ID:/ /home/ghost_user/ghost/content\n\ncat \u003c\u003c EOF \u003e config.development.json\n\n{\n  \"url\": \"http://epam-lb-1695655880.us-east-1.elb.amazonaws.com\",\n \"server\": {\n    \"port\": 2368,\n    \"host\": \"0.0.0.0\"\n  },\n  \"database\": {\n    \"client\": \"sqlite3\",\n    \"connection\": {\n      \"filename\": \"/home/ghost_user/content/data/ghost-local.db\"\n    }\n  },\n  \"mail\": {\n    \"transport\": \"Direct\"\n  },\n  \"logging\": {\n    \"transports\": [\n      \"file\",\n      \"stdout\"\n    ]\n  },\n  \"process\": \"local\",\n  \"paths\": {\n    \"contentPath\": \"/home/ghost_user/ghost/content\"\n  }\n\n}\nEOF\n\n\n\n\nsudo chown -R ghost_user /home/ghost_user/ghost/\nsudo -u ghost_user ghost stop\nsudo -u ghost_user ghost start\n",
            "template": "#!/bin/bash -xe\n\nexec \u003e \u003e(tee /var/log/cloud-init-output.log|logger -t user-data -s 2\u003e/dev/console) 2\u003e\u00261\nexport  TOKEN=`curl -X PUT \"http://169.254.169.254/latest/api/token\" -H \"X-aws-ec2-metadata-token-ttl-seconds: 21600\"`\nexport SSM_DB_PASSWORD=\"/ghost/dbpassw\"\nexport  REGION=$(/usr/bin/curl -s http://169.254.169.254/latest/meta-data/placement/availability-zone -H \"X-aws-ec2-metadata-token: $TOKEN\" | sed 's/[a-z]$//')\nexport  EFS_ID=$(aws efs describe-file-systems --query 'FileSystems[?Name==`ghost_content`].FileSystemId' --region $REGION --output text)\nexport DB_PASSWORD=$(aws ssm get-parameter --name $SSM_DB_PASSWORD --query Parameter.Value --with-decryption --region $REGION --output text)\n\n### Install pre-reqs\nyum install -y nodejs\n\nyum install -y  amazon-efs-utils\nsudo  npm install -g ghost-cli@latest -g\nadduser ghost_user\nusermod -aG wheel ghost_user\ncd /home/ghost_user/\n\nsudo -u ghost_user ghost install  local\n\n### EFS mount\nmkdir -p /home/ghost_user/ghost/content/data/\n\nmount -t efs -o tls $EFS_ID:/ /home/ghost_user/ghost/content\n\ncat \u003c\u003c EOF \u003e config.development.json\n\n{\n  \"url\": \"http://${dns_name}\",\n \"server\": {\n    \"port\": 2368,\n    \"host\": \"0.0.0.0\"\n  },\n  \"database\": {\n    \"client\": \"sqlite3\",\n    \"connection\": {\n      \"filename\": \"/home/ghost_user/content/data/ghost-local.db\"\n    }\n  },\n  \"mail\": {\n    \"transport\": \"Direct\"\n  },\n  \"logging\": {\n    \"transports\": [\n      \"file\",\n      \"stdout\"\n    ]\n  },\n  \"process\": \"local\",\n  \"paths\": {\n    \"contentPath\": \"/home/ghost_user/ghost/content\"\n  }\n\n}\nEOF\n\n\n\n\nsudo chown -R ghost_user /home/ghost_user/ghost/\nsudo -u ghost_user ghost stop\nsudo -u ghost_user ghost start\n",
            "vars": {
              "dns_name": "epam-lb-1695655880.us-east-1.elb.amazonaws.com"
            }
          },
          "sensitive_attributes": []
        }
      ]
    },
    {
      "mode": "managed",
      "type": "aws_autoscaling_group",
      "name": "ghost_ec2_pool",
      "provider": "provider[\"registry.terraform.io/hashicorp/aws\"]",
      "instances": [
        {
          "schema_version": 1,
          "attributes": {
            "arn": "arn:aws:autoscaling:us-east-1:429881705512:autoScalingGroup:977e4094-331a-42f4-9233-37f76231b49b:autoScalingGroupName/ghost_ec2_pool",
            "availability_zones": [
              "us-east-1a",
              "us-east-1b",
              "us-east-1c"
            ],
            "capacity_rebalance": true,
            "context": "",
            "default_cooldown": 300,
            "default_instance_warmup": 0,
            "desired_capacity": 2,
            "desired_capacity_type": "",
            "enabled_metrics": [],
            "force_delete": false,
            "force_delete_warm_pool": false,
            "health_check_grace_period": 300,
            "health_check_type": "EC2",
            "id": "ghost_ec2_pool",
            "ignore_failed_scaling_activities": false,
            "initial_lifecycle_hook": [],
            "instance_refresh": [],
            "launch_configuration": "",
            "launch_template": [
              {
                "id": "lt-02786b2975e363861",
                "name": "ghost",
                "version": "$Latest"
              }
            ],
            "load_balancers": [],
            "max_instance_lifetime": 0,
            "max_size": 4,
            "metrics_granularity": "1Minute",
            "min_elb_capacity": null,
            "min_size": 1,
            "mixed_instances_policy": [],
            "name": "ghost_ec2_pool",
            "name_prefix": "",
            "placement_group": "",
            "predicted_capacity": 0,
            "protect_from_scale_in": false,
            "service_linked_role_arn": "arn:aws:iam::429881705512:role/aws-service-role/autoscaling.amazonaws.com/AWSServiceRoleForAutoScaling",
            "suspended_processes": [],
            "tag": [],
            "target_group_arns": [],
            "termination_policies": [],
            "timeouts": null,
            "traffic_source": [],
            "vpc_zone_identifier": [
              "subnet-0a0638ce87ceace67",
              "subnet-0b6fd49a6af48e3a2",
              "subnet-0caac09c138593f59"
            ],
            "wait_for_capacity_timeout": "10m",
            "wait_for_elb_capacity": null,
            "warm_pool": [],
            "warm_pool_size": 0
          },
          "sensitive_attributes": [],
          "private": "eyJlMmJmYjczMC1lY2FhLTExZTYtOGY4OC0zNDM2M2JjN2M0YzAiOnsiZGVsZXRlIjo2MDAwMDAwMDAwMDAsInVwZGF0ZSI6NjAwMDAwMDAwMDAwfSwic2NoZW1hX3ZlcnNpb24iOiIxIn0=",
          "dependencies": [
            "aws_iam_instance_profile.ghost_appghost_app",
            "aws_iam_role.ghost_app",
            "aws_key_pair.ghost-ec2-pool",
            "aws_launch_template.ghost",
            "aws_lb.epam-lb",
            "aws_security_group.alb",
            "aws_security_group.bastion",
            "aws_security_group.ec2_pool",
            "aws_subnet.public_a",
            "aws_subnet.public_b",
            "aws_subnet.public_c",
            "aws_vpc.cloudx",
            "data.aws_lb.ghost_alb",
            "data.template_file.dns-name"
          ]
        }
      ]
    },
    {
      "mode": "managed",
      "type": "aws_efs_file_system",
      "name": "ghost_content",
      "provider": "provider[\"registry.terraform.io/hashicorp/aws\"]",
      "instances": [
        {
          "schema_version": 0,
          "attributes": {
            "arn": "arn:aws:elasticfilesystem:us-east-1:429881705512:file-system/fs-03f58185f7ee6bbea",
            "availability_zone_id": "",
            "availability_zone_name": "",
            "creation_token": "terraform-20231017115455343500000001",
            "dns_name": "fs-03f58185f7ee6bbea.efs.us-east-1.amazonaws.com",
            "encrypted": false,
            "id": "fs-03f58185f7ee6bbea",
            "kms_key_id": "",
            "lifecycle_policy": [],
            "name": "ghost_content",
            "number_of_mount_targets": 3,
            "owner_id": "429881705512",
            "performance_mode": "generalPurpose",
            "provisioned_throughput_in_mibps": 0,
            "size_in_bytes": [
              {
                "value": 6144,
                "value_in_ia": 0,
                "value_in_standard": 6144
              }
            ],
            "tags": {
              "Name": "ghost_content"
            },
            "tags_all": {
              "Name": "ghost_content"
            },
            "throughput_mode": "bursting"
          },
          "sensitive_attributes": [],
          "private": "bnVsbA=="
        }
      ]
    },
    {
      "mode": "managed",
      "type": "aws_efs_mount_target",
      "name": "target_a",
      "provider": "provider[\"registry.terraform.io/hashicorp/aws\"]",
      "instances": [
        {
          "schema_version": 0,
          "attributes": {
            "availability_zone_id": "use1-az6",
            "availability_zone_name": "us-east-1a",
            "dns_name": "fs-03f58185f7ee6bbea.efs.us-east-1.amazonaws.com",
            "file_system_arn": "arn:aws:elasticfilesystem:us-east-1:429881705512:file-system/fs-03f58185f7ee6bbea",
            "file_system_id": "fs-03f58185f7ee6bbea",
            "id": "fsmt-003ad71d40ca7f47d",
            "ip_address": "10.10.1.65",
            "mount_target_dns_name": "us-east-1a.fs-03f58185f7ee6bbea.efs.us-east-1.amazonaws.com",
            "network_interface_id": "eni-0cb4ae12f203d9acc",
            "owner_id": "429881705512",
            "security_groups": [
              "sg-00ddca2e93b27a554"
            ],
            "subnet_id": "subnet-0a0638ce87ceace67",
            "timeouts": null
          },
          "sensitive_attributes": [],
          "private": "eyJlMmJmYjczMC1lY2FhLTExZTYtOGY4OC0zNDM2M2JjN2M0YzAiOnsiY3JlYXRlIjoxODAwMDAwMDAwMDAwLCJkZWxldGUiOjYwMDAwMDAwMDAwMH19",
          "dependencies": [
            "aws_efs_file_system.ghost_content",
            "aws_security_group.bastion",
            "aws_security_group.ec2_pool",
            "aws_security_group.efs",
            "aws_subnet.public_a",
            "aws_vpc.cloudx"
          ]
        }
      ]
    },
    {
      "mode": "managed",
      "type": "aws_efs_mount_target",
      "name": "target_b",
      "provider": "provider[\"registry.terraform.io/hashicorp/aws\"]",
      "instances": [
        {
          "schema_version": 0,
          "attributes": {
            "availability_zone_id": "use1-az1",
            "availability_zone_name": "us-east-1b",
            "dns_name": "fs-03f58185f7ee6bbea.efs.us-east-1.amazonaws.com",
            "file_system_arn": "arn:aws:elasticfilesystem:us-east-1:429881705512:file-system/fs-03f58185f7ee6bbea",
            "file_system_id": "fs-03f58185f7ee6bbea",
            "id": "fsmt-09c05c8b68d15768a",
            "ip_address": "10.10.2.213",
            "mount_target_dns_name": "us-east-1b.fs-03f58185f7ee6bbea.efs.us-east-1.amazonaws.com",
            "network_interface_id": "eni-0710057a0015e8798",
            "owner_id": "429881705512",
            "security_groups": [
              "sg-00ddca2e93b27a554"
            ],
            "subnet_id": "subnet-0caac09c138593f59",
            "timeouts": null
          },
          "sensitive_attributes": [],
          "private": "eyJlMmJmYjczMC1lY2FhLTExZTYtOGY4OC0zNDM2M2JjN2M0YzAiOnsiY3JlYXRlIjoxODAwMDAwMDAwMDAwLCJkZWxldGUiOjYwMDAwMDAwMDAwMH19",
          "dependencies": [
            "aws_efs_file_system.ghost_content",
            "aws_security_group.bastion",
            "aws_security_group.ec2_pool",
            "aws_security_group.efs",
            "aws_subnet.public_b",
            "aws_vpc.cloudx"
          ]
        }
      ]
    },
    {
      "mode": "managed",
      "type": "aws_efs_mount_target",
      "name": "target_c",
      "provider": "provider[\"registry.terraform.io/hashicorp/aws\"]",
      "instances": [
        {
          "schema_version": 0,
          "attributes": {
            "availability_zone_id": "use1-az2",
            "availability_zone_name": "us-east-1c",
            "dns_name": "fs-03f58185f7ee6bbea.efs.us-east-1.amazonaws.com",
            "file_system_arn": "arn:aws:elasticfilesystem:us-east-1:429881705512:file-system/fs-03f58185f7ee6bbea",
            "file_system_id": "fs-03f58185f7ee6bbea",
            "id": "fsmt-025d08f2bba28b3b6",
            "ip_address": "10.10.3.177",
            "mount_target_dns_name": "us-east-1c.fs-03f58185f7ee6bbea.efs.us-east-1.amazonaws.com",
            "network_interface_id": "eni-040d34bc1dda9d7e0",
            "owner_id": "429881705512",
            "security_groups": [
              "sg-00ddca2e93b27a554"
            ],
            "subnet_id": "subnet-0b6fd49a6af48e3a2",
            "timeouts": null
          },
          "sensitive_attributes": [],
          "private": "eyJlMmJmYjczMC1lY2FhLTExZTYtOGY4OC0zNDM2M2JjN2M0YzAiOnsiY3JlYXRlIjoxODAwMDAwMDAwMDAwLCJkZWxldGUiOjYwMDAwMDAwMDAwMH19",
          "dependencies": [
            "aws_efs_file_system.ghost_content",
            "aws_security_group.bastion",
            "aws_security_group.ec2_pool",
            "aws_security_group.efs",
            "aws_subnet.public_c",
            "aws_vpc.cloudx"
          ]
        }
      ]
    },
    {
      "mode": "managed",
      "type": "aws_iam_instance_profile",
      "name": "ghost_appghost_app",
      "provider": "provider[\"registry.terraform.io/hashicorp/aws\"]",
      "instances": [
        {
          "schema_version": 0,
          "attributes": {
            "arn": "arn:aws:iam::429881705512:instance-profile/ghost_app",
            "create_date": "2023-10-17T11:54:56Z",
            "id": "ghost_app",
            "name": "ghost_app",
            "name_prefix": "",
            "path": "/",
            "role": "ghost_app",
            "tags": {},
            "tags_all": {},
            "unique_id": "AIPAWIFXSIQUD2EGV7Q2O"
          },
          "sensitive_attributes": [],
          "private": "bnVsbA==",
          "dependencies": [
            "aws_iam_role.ghost_app"
          ]
        }
      ]
    },
    {
      "mode": "managed",
      "type": "aws_iam_policy",
      "name": "test_policy",
      "provider": "provider[\"registry.terraform.io/hashicorp/aws\"]",
      "instances": [
        {
          "schema_version": 0,
          "attributes": {
            "arn": "arn:aws:iam::429881705512:policy/test_policy",
            "description": "",
            "id": "arn:aws:iam::429881705512:policy/test_policy",
            "name": "test_policy",
            "name_prefix": "",
            "path": "/",
            "policy": "{\"Statement\":[{\"Action\":[\"ec2:Describe*\",\"elasticfilesystem:DescribeFileSystems\",\"elasticfilesystem:ClientMount\",\"elasticfilesystem:ClientWrite\"],\"Effect\":\"Allow\",\"Resource\":\"*\"}],\"Version\":\"2012-10-17\"}",
            "policy_id": "ANPAWIFXSIQUELZPHOWOT",
            "tags": {},
            "tags_all": {}
          },
          "sensitive_attributes": [],
          "private": "bnVsbA=="
        }
      ]
    },
    {
      "mode": "managed",
      "type": "aws_iam_policy_attachment",
      "name": "attach-role",
      "provider": "provider[\"registry.terraform.io/hashicorp/aws\"]",
      "instances": [
        {
          "schema_version": 0,
          "attributes": {
            "groups": [],
            "id": "attach-role",
            "name": "attach-role",
            "policy_arn": "arn:aws:iam::429881705512:policy/test_policy",
            "roles": [
              "ghost_app"
            ],
            "users": []
          },
          "sensitive_attributes": [],
          "private": "bnVsbA==",
          "dependencies": [
            "aws_iam_policy.test_policy",
            "aws_iam_role.ghost_app"
          ]
        }
      ]
    },
    {
      "mode": "managed",
      "type": "aws_iam_role",
      "name": "ghost_app",
      "provider": "provider[\"registry.terraform.io/hashicorp/aws\"]",
      "instances": [
        {
          "schema_version": 0,
          "attributes": {
            "arn": "arn:aws:iam::429881705512:role/ghost_app",
            "assume_role_policy": "{\"Statement\":[{\"Action\":\"sts:AssumeRole\",\"Effect\":\"Allow\",\"Principal\":{\"Service\":\"ec2.amazonaws.com\"},\"Sid\":\"\"}],\"Version\":\"2012-10-17\"}",
            "create_date": "2023-10-17T11:54:55Z",
            "description": "",
            "force_detach_policies": false,
            "id": "ghost_app",
            "inline_policy": [],
            "managed_policy_arns": [
              "arn:aws:iam::429881705512:policy/test_policy"
            ],
            "max_session_duration": 3600,
            "name": "ghost_app",
            "name_prefix": "",
            "path": "/",
            "permissions_boundary": null,
            "tags": {},
            "tags_all": {},
            "unique_id": "AROAWIFXSIQUKK6J2C3CX"
          },
          "sensitive_attributes": [],
          "private": "bnVsbA=="
        }
      ]
    },
    {
      "mode": "managed",
      "type": "aws_instance",
      "name": "bastion",
      "provider": "provider[\"registry.terraform.io/hashicorp/aws\"]",
      "instances": [
        {
          "schema_version": 1,
          "attributes": {
            "ami": "ami-03eb6185d756497f8",
            "arn": "arn:aws:ec2:us-east-1:429881705512:instance/i-0cae9890103d49403",
            "associate_public_ip_address": true,
            "availability_zone": "us-east-1a",
            "capacity_reservation_specification": [
              {
                "capacity_reservation_preference": "open",
                "capacity_reservation_target": []
              }
            ],
            "cpu_core_count": 1,
            "cpu_options": [
              {
                "amd_sev_snp": "",
                "core_count": 1,
                "threads_per_core": 1
              }
            ],
            "cpu_threads_per_core": 1,
            "credit_specification": [
              {
                "cpu_credits": "standard"
              }
            ],
            "disable_api_stop": false,
            "disable_api_termination": false,
            "ebs_block_device": [],
            "ebs_optimized": false,
            "enclave_options": [
              {
                "enabled": false
              }
            ],
            "ephemeral_block_device": [],
            "get_password_data": false,
            "hibernation": false,
            "host_id": "",
            "host_resource_group_arn": null,
            "iam_instance_profile": "",
            "id": "i-0cae9890103d49403",
            "instance_initiated_shutdown_behavior": "stop",
            "instance_lifecycle": "",
            "instance_market_options": [],
            "instance_state": "running",
            "instance_type": "t2.micro",
            "ipv6_address_count": 0,
            "ipv6_addresses": [],
            "key_name": "ghost-ec2-pool",
            "launch_template": [],
            "maintenance_options": [
              {
                "auto_recovery": "default"
              }
            ],
            "metadata_options": [
              {
                "http_endpoint": "enabled",
                "http_protocol_ipv6": "disabled",
                "http_put_response_hop_limit": 1,
                "http_tokens": "optional",
                "instance_metadata_tags": "disabled"
              }
            ],
            "monitoring": false,
            "network_interface": [],
            "outpost_arn": "",
            "password_data": "",
            "placement_group": "",
            "placement_partition_number": 0,
            "primary_network_interface_id": "eni-05ed7a035d414e270",
            "private_dns": "ip-10-10-1-211.ec2.internal",
            "private_dns_name_options": [
              {
                "enable_resource_name_dns_a_record": false,
                "enable_resource_name_dns_aaaa_record": false,
                "hostname_type": "ip-name"
              }
            ],
            "private_ip": "10.10.1.211",
            "public_dns": "ec2-34-229-224-1.compute-1.amazonaws.com",
            "public_ip": "34.229.224.1",
            "root_block_device": [
              {
                "delete_on_termination": true,
                "device_name": "/dev/xvda",
                "encrypted": false,
                "iops": 100,
                "kms_key_id": "",
                "tags": {},
                "throughput": 0,
                "volume_id": "vol-0e973e44339dcbe0b",
                "volume_size": 8,
                "volume_type": "gp2"
              }
            ],
            "secondary_private_ips": [],
            "security_groups": [
              "sg-03346e4cbf8c7e12f"
            ],
            "source_dest_check": true,
            "spot_instance_request_id": "",
            "subnet_id": "subnet-0a0638ce87ceace67",
            "tags": {
              "Name": "Bastion"
            },
            "tags_all": {
              "Name": "Bastion"
            },
            "tenancy": "default",
            "timeouts": null,
            "user_data": null,
            "user_data_base64": null,
            "user_data_replace_on_change": false,
            "volume_tags": null,
            "vpc_security_group_ids": [
              "sg-03346e4cbf8c7e12f"
            ]
          },
          "sensitive_attributes": [],
          "private": "eyJlMmJmYjczMC1lY2FhLTExZTYtOGY4OC0zNDM2M2JjN2M0YzAiOnsiY3JlYXRlIjo2MDAwMDAwMDAwMDAsImRlbGV0ZSI6MTIwMDAwMDAwMDAwMCwidXBkYXRlIjo2MDAwMDAwMDAwMDB9LCJzY2hlbWFfdmVyc2lvbiI6IjEifQ==",
          "dependencies": [
            "aws_key_pair.ghost-ec2-pool",
            "aws_security_group.bastion",
            "aws_subnet.public_a",
            "data.aws_ami.ecs_optimized_ami"
          ]
        }
      ]
    },
    {
      "mode": "managed",
      "type": "aws_internet_gateway",
      "name": "cloudx-igw",
      "provider": "provider[\"registry.terraform.io/hashicorp/aws\"]",
      "instances": [
        {
          "schema_version": 0,
          "attributes": {
            "arn": "arn:aws:ec2:us-east-1:429881705512:internet-gateway/igw-03a856e79a80b42b1",
            "id": "igw-03a856e79a80b42b1",
            "owner_id": "429881705512",
            "tags": {
              "Name": "cloudx-igw"
            },
            "tags_all": {
              "Name": "cloudx-igw"
            },
            "timeouts": null,
            "vpc_id": "vpc-0d1d073e3a7ca1f62"
          },
          "sensitive_attributes": [],
          "private": "eyJlMmJmYjczMC1lY2FhLTExZTYtOGY4OC0zNDM2M2JjN2M0YzAiOnsiY3JlYXRlIjoxMjAwMDAwMDAwMDAwLCJkZWxldGUiOjEyMDAwMDAwMDAwMDAsInVwZGF0ZSI6MTIwMDAwMDAwMDAwMH19",
          "dependencies": [
            "aws_vpc.cloudx"
          ]
        }
      ]
    },
    {
      "mode": "managed",
      "type": "aws_key_pair",
      "name": "ghost-ec2-pool",
      "provider": "provider[\"registry.terraform.io/hashicorp/aws\"]",
      "instances": [
        {
          "schema_version": 1,
          "attributes": {
            "arn": "arn:aws:ec2:us-east-1:429881705512:key-pair/ghost-ec2-pool",
            "fingerprint": "41:13:64:82:99:5d:40:4c:b8:cb:be:fe:9b:1b:d6:2f",
            "id": "ghost-ec2-pool",
            "key_name": "ghost-ec2-pool",
            "key_name_prefix": "",
            "key_pair_id": "key-06b085389aba01562",
            "key_type": "rsa",
            "public_key": "ssh-rsa AAAAB3NzaC1yc2EAAAADAQABAAABgQDJqFd94lkeKwq4r+LlnpxgC3nn6APkoxLDLldHIQkyHfg9eRtLy335ue2UqEh15RSXGcuM4zhQ8KW2nWTDczouTlmLjh5m7u81+R3zlz/WiQZP42GUvll5IQuLpdabIwT35gl7JyUfA94Ksmt439SMAQVMLs+DOC6r7P9m8mQajVuCSMjlCUuIDalbvshPXGTbE17xuKwXGcpUrV5TUc70YlxoaHaGVCvZoNWQoUhvuh3QqeC6EeJeJVk5OjCXIyOUbTOhI5SjXrYA9lRskIR9XZEBHpHM4x6VII0l75yVoZoPKlsKsNVBej3ii2ScYUokER+X4w3hIISci+OeTrA+ZExF+HP/Hb/f6o/NwdfxuVMATwXn2D7A1z2xmyHJFRaNyIaFQyHaOXu6UAA1CnmgQz5UD7m/gMjLbdeNn7mmH8PmtE9IyTC1u4k/iOsCmpn4gEVGotloDvMiHYF5hOEYG/RPKY6R+FbgLN6rGSM2e+avPQ0Mr3YlZLjB2Rf7x8M= ltonyan@DESKTOP-OPRV2IV",
            "tags": {},
            "tags_all": {}
          },
          "sensitive_attributes": [],
          "private": "eyJzY2hlbWFfdmVyc2lvbiI6IjEifQ=="
        }
      ]
    },
    {
      "mode": "managed",
      "type": "aws_launch_template",
      "name": "ghost",
      "provider": "provider[\"registry.terraform.io/hashicorp/aws\"]",
      "instances": [
        {
          "schema_version": 0,
          "attributes": {
            "arn": "arn:aws:ec2:us-east-1:429881705512:launch-template/lt-02786b2975e363861",
            "block_device_mappings": [],
            "capacity_reservation_specification": [],
            "cpu_options": [],
            "credit_specification": [],
            "default_version": 3,
            "description": "",
            "disable_api_stop": false,
            "disable_api_termination": false,
            "ebs_optimized": "",
            "elastic_gpu_specifications": [],
            "elastic_inference_accelerator": [],
            "enclave_options": [],
            "hibernation_options": [],
            "iam_instance_profile": [
              {
                "arn": "",
                "name": "ghost_app"
              }
            ],
            "id": "lt-02786b2975e363861",
            "image_id": "ami-067d1e60475437da2",
            "instance_initiated_shutdown_behavior": "",
            "instance_market_options": [],
            "instance_requirements": [],
            "instance_type": "t2.micro",
            "kernel_id": "",
            "key_name": "ghost-ec2-pool",
            "latest_version": 3,
            "license_specification": [],
            "maintenance_options": [],
            "metadata_options": [],
            "monitoring": [],
            "name": "ghost",
            "name_prefix": "",
            "network_interfaces": [
              {
                "associate_carrier_ip_address": "",
                "associate_public_ip_address": "true",
                "delete_on_termination": "",
                "description": "",
                "device_index": 0,
                "interface_type": "",
                "ipv4_address_count": 0,
                "ipv4_addresses": [],
                "ipv4_prefix_count": 0,
                "ipv4_prefixes": [],
                "ipv6_address_count": 0,
                "ipv6_addresses": [],
                "ipv6_prefix_count": 0,
                "ipv6_prefixes": [],
                "network_card_index": 0,
                "network_interface_id": "",
                "private_ip_address": "",
                "security_groups": [
                  "sg-00ccd56d403efa705"
                ],
                "subnet_id": ""
              }
            ],
            "placement": [],
            "private_dns_name_options": [],
            "ram_disk_id": "",
            "security_group_names": [],
            "tag_specifications": [
              {
                "resource_type": "instance",
                "tags": {
                  "Name": "EC2-pool"
                }
              }
            ],
            "tags": {},
            "tags_all": {},
            "update_default_version": true,
            "user_data": "IyEvYmluL2Jhc2ggLXhlCgpleGVjID4gPih0ZWUgL3Zhci9sb2cvY2xvdWQtaW5pdC1vdXRwdXQubG9nfGxvZ2dlciAtdCB1c2VyLWRhdGEgLXMgMj4vZGV2L2NvbnNvbGUpIDI+JjEKZXhwb3J0ICBUT0tFTj1gY3VybCAtWCBQVVQgImh0dHA6Ly8xNjkuMjU0LjE2OS4yNTQvbGF0ZXN0L2FwaS90b2tlbiIgLUggIlgtYXdzLWVjMi1tZXRhZGF0YS10b2tlbi10dGwtc2Vjb25kczogMjE2MDAiYApleHBvcnQgU1NNX0RCX1BBU1NXT1JEPSIvZ2hvc3QvZGJwYXNzdyIKZXhwb3J0ICBSRUdJT049JCgvdXNyL2Jpbi9jdXJsIC1zIGh0dHA6Ly8xNjkuMjU0LjE2OS4yNTQvbGF0ZXN0L21ldGEtZGF0YS9wbGFjZW1lbnQvYXZhaWxhYmlsaXR5LXpvbmUgLUggIlgtYXdzLWVjMi1tZXRhZGF0YS10b2tlbjogJFRPS0VOIiB8IHNlZCAncy9bYS16XSQvLycpCmV4cG9ydCAgRUZTX0lEPSQoYXdzIGVmcyBkZXNjcmliZS1maWxlLXN5c3RlbXMgLS1xdWVyeSAnRmlsZVN5c3RlbXNbP05hbWU9PWBnaG9zdF9jb250ZW50YF0uRmlsZVN5c3RlbUlkJyAtLXJlZ2lvbiAkUkVHSU9OIC0tb3V0cHV0IHRleHQpCmV4cG9ydCBEQl9QQVNTV09SRD0kKGF3cyBzc20gZ2V0LXBhcmFtZXRlciAtLW5hbWUgJFNTTV9EQl9QQVNTV09SRCAtLXF1ZXJ5IFBhcmFtZXRlci5WYWx1ZSAtLXdpdGgtZGVjcnlwdGlvbiAtLXJlZ2lvbiAkUkVHSU9OIC0tb3V0cHV0IHRleHQpCgojIyMgSW5zdGFsbCBwcmUtcmVxcwp5dW0gaW5zdGFsbCAteSBub2RlanMKCnl1bSBpbnN0YWxsIC15ICBhbWF6b24tZWZzLXV0aWxzCnN1ZG8gIG5wbSBpbnN0YWxsIC1nIGdob3N0LWNsaUBsYXRlc3QgLWcKYWRkdXNlciBnaG9zdF91c2VyCnVzZXJtb2QgLWFHIHdoZWVsIGdob3N0X3VzZXIKY2QgL2hvbWUvZ2hvc3RfdXNlci8KCnN1ZG8gLXUgZ2hvc3RfdXNlciBnaG9zdCBpbnN0YWxsICBsb2NhbAoKIyMjIEVGUyBtb3VudApta2RpciAtcCAvaG9tZS9naG9zdF91c2VyL2dob3N0L2NvbnRlbnQvZGF0YS8KCm1vdW50IC10IGVmcyAtbyB0bHMgJEVGU19JRDovIC9ob21lL2dob3N0X3VzZXIvZ2hvc3QvY29udGVudAoKY2F0IDw8IEVPRiA+IGNvbmZpZy5kZXZlbG9wbWVudC5qc29uCgp7CiAgInVybCI6ICJodHRwOi8vZXBhbS1sYi0xNjk1NjU1ODgwLnVzLWVhc3QtMS5lbGIuYW1hem9uYXdzLmNvbSIsCiAic2VydmVyIjogewogICAgInBvcnQiOiAyMzY4LAogICAgImhvc3QiOiAiMC4wLjAuMCIKICB9LAogICJkYXRhYmFzZSI6IHsKICAgICJjbGllbnQiOiAic3FsaXRlMyIsCiAgICAiY29ubmVjdGlvbiI6IHsKICAgICAgImZpbGVuYW1lIjogIi9ob21lL2dob3N0X3VzZXIvY29udGVudC9kYXRhL2dob3N0LWxvY2FsLmRiIgogICAgfQogIH0sCiAgIm1haWwiOiB7CiAgICAidHJhbnNwb3J0IjogIkRpcmVjdCIKICB9LAogICJsb2dnaW5nIjogewogICAgInRyYW5zcG9ydHMiOiBbCiAgICAgICJmaWxlIiwKICAgICAgInN0ZG91dCIKICAgIF0KICB9LAogICJwcm9jZXNzIjogImxvY2FsIiwKICAicGF0aHMiOiB7CiAgICAiY29udGVudFBhdGgiOiAiL2hvbWUvZ2hvc3RfdXNlci9naG9zdC9jb250ZW50IgogIH0KCn0KRU9GCgoKCgpzdWRvIGNob3duIC1SIGdob3N0X3VzZXIgL2hvbWUvZ2hvc3RfdXNlci9naG9zdC8Kc3VkbyAtdSBnaG9zdF91c2VyIGdob3N0IHN0b3AKc3VkbyAtdSBnaG9zdF91c2VyIGdob3N0IHN0YXJ0Cg==",
            "vpc_security_group_ids": []
          },
          "sensitive_attributes": [],
          "private": "bnVsbA==",
          "dependencies": [
            "aws_iam_instance_profile.ghost_appghost_app",
            "aws_key_pair.ghost-ec2-pool",
            "aws_security_group.ec2_pool",
            "data.template_file.dns-name"
          ]
        }
      ]
    },
    {
      "mode": "managed",
      "type": "aws_lb",
      "name": "epam-lb",
      "provider": "provider[\"registry.terraform.io/hashicorp/aws\"]",
      "instances": [
        {
          "schema_version": 0,
          "attributes": {
            "access_logs": [
              {
                "bucket": "",
                "enabled": false,
                "prefix": ""
              }
            ],
            "arn": "arn:aws:elasticloadbalancing:us-east-1:429881705512:loadbalancer/app/epam-lb/3dcacbd610a0dffc",
            "arn_suffix": "app/epam-lb/3dcacbd610a0dffc",
            "customer_owned_ipv4_pool": "",
            "desync_mitigation_mode": "defensive",
            "dns_name": "epam-lb-1695655880.us-east-1.elb.amazonaws.com",
            "drop_invalid_header_fields": false,
            "enable_cross_zone_load_balancing": true,
            "enable_deletion_protection": false,
            "enable_http2": true,
            "enable_tls_version_and_cipher_suite_headers": false,
            "enable_waf_fail_open": false,
            "enable_xff_client_port": false,
            "id": "arn:aws:elasticloadbalancing:us-east-1:429881705512:loadbalancer/app/epam-lb/3dcacbd610a0dffc",
            "idle_timeout": 60,
            "internal": false,
            "ip_address_type": "ipv4",
            "load_balancer_type": "application",
            "name": "epam-lb",
            "name_prefix": null,
            "preserve_host_header": false,
            "security_groups": [
              "sg-0a33076721593ee68"
            ],
            "subnet_mapping": [
              {
                "allocation_id": "",
                "ipv6_address": "",
                "outpost_id": "",
                "private_ipv4_address": "",
                "subnet_id": "subnet-0a0638ce87ceace67"
              },
              {
                "allocation_id": "",
                "ipv6_address": "",
                "outpost_id": "",
                "private_ipv4_address": "",
                "subnet_id": "subnet-0b6fd49a6af48e3a2"
              },
              {
                "allocation_id": "",
                "ipv6_address": "",
                "outpost_id": "",
                "private_ipv4_address": "",
                "subnet_id": "subnet-0caac09c138593f59"
              }
            ],
            "subnets": [
              "subnet-0a0638ce87ceace67",
              "subnet-0b6fd49a6af48e3a2",
              "subnet-0caac09c138593f59"
            ],
            "tags": {
              "ENV": "dev"
            },
            "tags_all": {
              "ENV": "dev"
            },
            "timeouts": null,
            "vpc_id": "vpc-0d1d073e3a7ca1f62",
            "xff_header_processing_mode": "append",
            "zone_id": "Z35SXDOTRQ7X7K"
          },
          "sensitive_attributes": [],
          "private": "eyJlMmJmYjczMC1lY2FhLTExZTYtOGY4OC0zNDM2M2JjN2M0YzAiOnsiY3JlYXRlIjo2MDAwMDAwMDAwMDAsImRlbGV0ZSI6NjAwMDAwMDAwMDAwLCJ1cGRhdGUiOjYwMDAwMDAwMDAwMH19",
          "dependencies": [
            "aws_security_group.alb",
            "aws_security_group.bastion",
            "aws_security_group.ec2_pool",
            "aws_subnet.public_a",
            "aws_subnet.public_b",
            "aws_subnet.public_c",
            "aws_vpc.cloudx"
          ]
        }
      ]
    },
    {
      "mode": "managed",
      "type": "aws_lb_listener",
      "name": "default",
      "provider": "provider[\"registry.terraform.io/hashicorp/aws\"]",
      "instances": [
        {
          "schema_version": 0,
          "attributes": {
            "alpn_policy": null,
            "arn": "arn:aws:elasticloadbalancing:us-east-1:429881705512:listener/app/epam-lb/3dcacbd610a0dffc/bcd224a3a6aa97cb",
            "certificate_arn": null,
            "default_action": [
              {
                "authenticate_cognito": [],
                "authenticate_oidc": [],
                "fixed_response": [],
                "forward": [],
                "order": 1,
                "redirect": [],
                "target_group_arn": "arn:aws:elasticloadbalancing:us-east-1:429881705512:targetgroup/ec2-pool/53a97c2fad0df2b1",
                "type": "forward"
              }
            ],
            "id": "arn:aws:elasticloadbalancing:us-east-1:429881705512:listener/app/epam-lb/3dcacbd610a0dffc/bcd224a3a6aa97cb",
            "load_balancer_arn": "arn:aws:elasticloadbalancing:us-east-1:429881705512:loadbalancer/app/epam-lb/3dcacbd610a0dffc",
            "port": 80,
            "protocol": "HTTP",
            "ssl_policy": "",
            "tags": {},
            "tags_all": {},
            "timeouts": null
          },
          "sensitive_attributes": [],
          "private": "eyJlMmJmYjczMC1lY2FhLTExZTYtOGY4OC0zNDM2M2JjN2M0YzAiOnsicmVhZCI6NjAwMDAwMDAwMDAwfX0=",
          "dependencies": [
            "aws_lb.epam-lb",
            "aws_lb_target_group.ec2_target",
            "aws_security_group.alb",
            "aws_security_group.bastion",
            "aws_security_group.ec2_pool",
            "aws_subnet.public_a",
            "aws_subnet.public_b",
            "aws_subnet.public_c",
            "aws_vpc.cloudx"
          ]
        }
      ]
    },
    {
      "mode": "managed",
      "type": "aws_lb_target_group",
      "name": "ec2_target",
      "provider": "provider[\"registry.terraform.io/hashicorp/aws\"]",
      "instances": [
        {
          "schema_version": 0,
          "attributes": {
            "arn": "arn:aws:elasticloadbalancing:us-east-1:429881705512:targetgroup/ec2-pool/53a97c2fad0df2b1",
            "arn_suffix": "targetgroup/ec2-pool/53a97c2fad0df2b1",
            "connection_termination": false,
            "deregistration_delay": "300",
            "health_check": [
              {
                "enabled": true,
                "healthy_threshold": 2,
                "interval": 7,
                "matcher": "200",
                "path": "/ghost/api/admin/site/",
                "port": "traffic-port",
                "protocol": "HTTP",
                "timeout": 5,
                "unhealthy_threshold": 2
              }
            ],
            "id": "arn:aws:elasticloadbalancing:us-east-1:429881705512:targetgroup/ec2-pool/53a97c2fad0df2b1",
            "ip_address_type": "ipv4",
            "lambda_multi_value_headers_enabled": false,
            "load_balancing_algorithm_type": "round_robin",
            "load_balancing_cross_zone_enabled": "use_load_balancer_configuration",
            "name": "ec2-pool",
            "name_prefix": null,
            "port": 2368,
            "preserve_client_ip": null,
            "protocol": "HTTP",
            "protocol_version": "HTTP1",
            "proxy_protocol_v2": false,
            "slow_start": 0,
            "stickiness": [
              {
                "cookie_duration": 86400,
                "cookie_name": "",
                "enabled": false,
                "type": "lb_cookie"
              }
            ],
            "tags": {},
            "tags_all": {},
            "target_failover": [
              {
                "on_deregistration": null,
                "on_unhealthy": null
              }
            ],
            "target_type": "instance",
            "vpc_id": "vpc-0d1d073e3a7ca1f62"
          },
          "sensitive_attributes": [],
          "private": "bnVsbA==",
          "dependencies": [
            "aws_vpc.cloudx"
          ]
        }
      ]
    },
    {
      "mode": "managed",
      "type": "aws_lb_target_group_attachment",
      "name": "ec2",
      "provider": "provider[\"registry.terraform.io/hashicorp/aws\"]",
      "instances": [
        {
          "index_key": 0,
          "schema_version": 0,
          "attributes": {
            "availability_zone": null,
            "id": "arn:aws:elasticloadbalancing:us-east-1:429881705512:targetgroup/ec2-pool/53a97c2fad0df2b1-20231017132236683900000002",
            "port": 2368,
            "target_group_arn": "arn:aws:elasticloadbalancing:us-east-1:429881705512:targetgroup/ec2-pool/53a97c2fad0df2b1",
            "target_id": "i-0e0c104accc9e07f8"
          },
          "sensitive_attributes": [],
          "private": "bnVsbA==",
          "dependencies": [
            "aws_lb_target_group.ec2_target",
            "data.aws_instances.ec2-pool"
          ]
        },
        {
          "index_key": 1,
          "schema_version": 0,
          "attributes": {
            "availability_zone": null,
            "id": "arn:aws:elasticloadbalancing:us-east-1:429881705512:targetgroup/ec2-pool/53a97c2fad0df2b1-20231017132236786600000003",
            "port": 2368,
            "target_group_arn": "arn:aws:elasticloadbalancing:us-east-1:429881705512:targetgroup/ec2-pool/53a97c2fad0df2b1",
            "target_id": "i-0c99b05ccc4e467e7"
          },
          "sensitive_attributes": [],
          "private": "bnVsbA==",
          "dependencies": [
            "aws_lb_target_group.ec2_target",
            "data.aws_instances.ec2-pool"
          ]
        }
      ]
    },
    {
      "mode": "managed",
      "type": "aws_route_table",
      "name": "public_rt",
      "provider": "provider[\"registry.terraform.io/hashicorp/aws\"]",
      "instances": [
        {
          "schema_version": 0,
          "attributes": {
            "arn": "arn:aws:ec2:us-east-1:429881705512:route-table/rtb-058be35bd507a0f49",
            "id": "rtb-058be35bd507a0f49",
            "owner_id": "429881705512",
            "propagating_vgws": [],
            "route": [
              {
                "carrier_gateway_id": "",
                "cidr_block": "0.0.0.0/0",
                "core_network_arn": "",
                "destination_prefix_list_id": "",
                "egress_only_gateway_id": "",
                "gateway_id": "igw-03a856e79a80b42b1",
                "ipv6_cidr_block": "",
                "local_gateway_id": "",
                "nat_gateway_id": "",
                "network_interface_id": "",
                "transit_gateway_id": "",
                "vpc_endpoint_id": "",
                "vpc_peering_connection_id": ""
              }
            ],
            "tags": {
              "Name": "public_rt"
            },
            "tags_all": {
              "Name": "public_rt"
            },
            "timeouts": null,
            "vpc_id": "vpc-0d1d073e3a7ca1f62"
          },
          "sensitive_attributes": [],
          "private": "eyJlMmJmYjczMC1lY2FhLTExZTYtOGY4OC0zNDM2M2JjN2M0YzAiOnsiY3JlYXRlIjozMDAwMDAwMDAwMDAsImRlbGV0ZSI6MzAwMDAwMDAwMDAwLCJ1cGRhdGUiOjEyMDAwMDAwMDAwMH19",
          "dependencies": [
            "aws_internet_gateway.cloudx-igw",
            "aws_vpc.cloudx"
          ]
        }
      ]
    },
    {
      "mode": "managed",
      "type": "aws_route_table_association",
      "name": "a",
      "provider": "provider[\"registry.terraform.io/hashicorp/aws\"]",
      "instances": [
        {
          "schema_version": 0,
          "attributes": {
            "gateway_id": "",
            "id": "rtbassoc-075b27b99f1b68f5d",
            "route_table_id": "rtb-058be35bd507a0f49",
            "subnet_id": "subnet-0a0638ce87ceace67",
            "timeouts": null
          },
          "sensitive_attributes": [],
          "private": "eyJlMmJmYjczMC1lY2FhLTExZTYtOGY4OC0zNDM2M2JjN2M0YzAiOnsiY3JlYXRlIjozMDAwMDAwMDAwMDAsImRlbGV0ZSI6MzAwMDAwMDAwMDAwLCJ1cGRhdGUiOjEyMDAwMDAwMDAwMH19",
          "dependencies": [
            "aws_internet_gateway.cloudx-igw",
            "aws_route_table.public_rt",
            "aws_subnet.public_a",
            "aws_vpc.cloudx"
          ]
        }
      ]
    },
    {
      "mode": "managed",
      "type": "aws_route_table_association",
      "name": "b",
      "provider": "provider[\"registry.terraform.io/hashicorp/aws\"]",
      "instances": [
        {
          "schema_version": 0,
          "attributes": {
            "gateway_id": "",
            "id": "rtbassoc-0574ee54f3592977d",
            "route_table_id": "rtb-058be35bd507a0f49",
            "subnet_id": "subnet-0caac09c138593f59",
            "timeouts": null
          },
          "sensitive_attributes": [],
          "private": "eyJlMmJmYjczMC1lY2FhLTExZTYtOGY4OC0zNDM2M2JjN2M0YzAiOnsiY3JlYXRlIjozMDAwMDAwMDAwMDAsImRlbGV0ZSI6MzAwMDAwMDAwMDAwLCJ1cGRhdGUiOjEyMDAwMDAwMDAwMH19",
          "dependencies": [
            "aws_internet_gateway.cloudx-igw",
            "aws_route_table.public_rt",
            "aws_subnet.public_b",
            "aws_vpc.cloudx"
          ]
        }
      ]
    },
    {
      "mode": "managed",
      "type": "aws_route_table_association",
      "name": "c",
      "provider": "provider[\"registry.terraform.io/hashicorp/aws\"]",
      "instances": [
        {
          "index_key": 0,
          "schema_version": 0,
          "attributes": {
            "gateway_id": "",
            "id": "rtbassoc-039402a41ce71f418",
            "route_table_id": "rtb-058be35bd507a0f49",
            "subnet_id": "subnet-0b6fd49a6af48e3a2",
            "timeouts": null
          },
          "sensitive_attributes": [],
          "private": "eyJlMmJmYjczMC1lY2FhLTExZTYtOGY4OC0zNDM2M2JjN2M0YzAiOnsiY3JlYXRlIjozMDAwMDAwMDAwMDAsImRlbGV0ZSI6MzAwMDAwMDAwMDAwLCJ1cGRhdGUiOjEyMDAwMDAwMDAwMH19",
          "dependencies": [
            "aws_internet_gateway.cloudx-igw",
            "aws_route_table.public_rt",
            "aws_subnet.public_c",
            "aws_vpc.cloudx"
          ]
        },
        {
          "index_key": 1,
          "schema_version": 0,
          "attributes": {
            "gateway_id": "",
            "id": "rtbassoc-039402a41ce71f418",
            "route_table_id": "rtb-058be35bd507a0f49",
            "subnet_id": "subnet-0b6fd49a6af48e3a2",
            "timeouts": null
          },
          "sensitive_attributes": [],
          "private": "eyJlMmJmYjczMC1lY2FhLTExZTYtOGY4OC0zNDM2M2JjN2M0YzAiOnsiY3JlYXRlIjozMDAwMDAwMDAwMDAsImRlbGV0ZSI6MzAwMDAwMDAwMDAwLCJ1cGRhdGUiOjEyMDAwMDAwMDAwMH19",
          "dependencies": [
            "aws_internet_gateway.cloudx-igw",
            "aws_route_table.public_rt",
            "aws_subnet.public_c",
            "aws_vpc.cloudx"
          ]
        },
        {
          "index_key": 2,
          "schema_version": 0,
          "attributes": {
            "gateway_id": "",
            "id": "rtbassoc-039402a41ce71f418",
            "route_table_id": "rtb-058be35bd507a0f49",
            "subnet_id": "subnet-0b6fd49a6af48e3a2",
            "timeouts": null
          },
          "sensitive_attributes": [],
          "private": "eyJlMmJmYjczMC1lY2FhLTExZTYtOGY4OC0zNDM2M2JjN2M0YzAiOnsiY3JlYXRlIjozMDAwMDAwMDAwMDAsImRlbGV0ZSI6MzAwMDAwMDAwMDAwLCJ1cGRhdGUiOjEyMDAwMDAwMDAwMH19",
          "dependencies": [
            "aws_internet_gateway.cloudx-igw",
            "aws_route_table.public_rt",
            "aws_subnet.public_c",
            "aws_vpc.cloudx"
          ]
        }
      ]
    },
    {
      "mode": "managed",
      "type": "aws_security_group",
      "name": "alb",
      "provider": "provider[\"registry.terraform.io/hashicorp/aws\"]",
      "instances": [
        {
          "schema_version": 1,
          "attributes": {
            "arn": "arn:aws:ec2:us-east-1:429881705512:security-group/sg-0a33076721593ee68",
            "description": "allows access to alb",
            "egress": [
              {
                "cidr_blocks": [
                  "0.0.0.0/0"
                ],
                "description": "",
                "from_port": 0,
                "ipv6_cidr_blocks": [],
                "prefix_list_ids": [],
                "protocol": "-1",
                "security_groups": [
                  "sg-00ccd56d403efa705"
                ],
                "self": false,
                "to_port": 0
              }
            ],
            "id": "sg-0a33076721593ee68",
            "ingress": [
              {
                "cidr_blocks": [
                  "0.0.0.0/0"
                ],
                "description": "HTTP from internet",
                "from_port": 80,
                "ipv6_cidr_blocks": [],
                "prefix_list_ids": [],
                "protocol": "tcp",
                "security_groups": [],
                "self": false,
                "to_port": 80
              }
            ],
            "name": "terraform-20231017115518390200000005",
            "name_prefix": "terraform-",
            "owner_id": "429881705512",
            "revoke_rules_on_delete": false,
            "tags": {
              "Name": "alb"
            },
            "tags_all": {
              "Name": "alb"
            },
            "timeouts": null,
            "vpc_id": "vpc-0d1d073e3a7ca1f62"
          },
          "sensitive_attributes": [],
          "private": "eyJlMmJmYjczMC1lY2FhLTExZTYtOGY4OC0zNDM2M2JjN2M0YzAiOnsiY3JlYXRlIjo2MDAwMDAwMDAwMDAsImRlbGV0ZSI6OTAwMDAwMDAwMDAwfSwic2NoZW1hX3ZlcnNpb24iOiIxIn0=",
          "dependencies": [
            "aws_security_group.bastion",
            "aws_security_group.ec2_pool",
            "aws_vpc.cloudx"
          ]
        }
      ]
    },
    {
      "mode": "managed",
      "type": "aws_security_group",
      "name": "bastion",
      "provider": "provider[\"registry.terraform.io/hashicorp/aws\"]",
      "instances": [
        {
          "schema_version": 1,
          "attributes": {
            "arn": "arn:aws:ec2:us-east-1:429881705512:security-group/sg-03346e4cbf8c7e12f",
            "description": "allows access to bastion",
            "egress": [
              {
                "cidr_blocks": [
                  "0.0.0.0/0"
                ],
                "description": "",
                "from_port": 0,
                "ipv6_cidr_blocks": [],
                "prefix_list_ids": [],
                "protocol": "-1",
                "security_groups": [],
                "self": false,
                "to_port": 0
              }
            ],
            "id": "sg-03346e4cbf8c7e12f",
            "ingress": [
              {
                "cidr_blocks": [
                  "0.0.0.0/0"
                ],
                "description": "SSH from outside",
                "from_port": 22,
                "ipv6_cidr_blocks": [],
                "prefix_list_ids": [],
                "protocol": "tcp",
                "security_groups": [],
                "self": false,
                "to_port": 22
              }
            ],
            "name": "terraform-20231017115509940400000002",
            "name_prefix": "terraform-",
            "owner_id": "429881705512",
            "revoke_rules_on_delete": false,
            "tags": {
              "Name": "Bastion"
            },
            "tags_all": {
              "Name": "Bastion"
            },
            "timeouts": null,
            "vpc_id": "vpc-0d1d073e3a7ca1f62"
          },
          "sensitive_attributes": [],
          "private": "eyJlMmJmYjczMC1lY2FhLTExZTYtOGY4OC0zNDM2M2JjN2M0YzAiOnsiY3JlYXRlIjo2MDAwMDAwMDAwMDAsImRlbGV0ZSI6OTAwMDAwMDAwMDAwfSwic2NoZW1hX3ZlcnNpb24iOiIxIn0=",
          "dependencies": [
            "aws_vpc.cloudx"
          ]
        }
      ]
    },
    {
      "mode": "managed",
      "type": "aws_security_group",
      "name": "ec2_pool",
      "provider": "provider[\"registry.terraform.io/hashicorp/aws\"]",
      "instances": [
        {
          "schema_version": 1,
          "attributes": {
            "arn": "arn:aws:ec2:us-east-1:429881705512:security-group/sg-00ccd56d403efa705",
            "description": "allows access to ec2 instances",
            "egress": [
              {
                "cidr_blocks": [
                  "0.0.0.0/0"
                ],
                "description": "",
                "from_port": 0,
                "ipv6_cidr_blocks": [],
                "prefix_list_ids": [],
                "protocol": "-1",
                "security_groups": [],
                "self": false,
                "to_port": 0
              }
            ],
            "id": "sg-00ccd56d403efa705",
            "ingress": [
              {
                "cidr_blocks": [
                  "10.10.0.0/16"
                ],
                "description": "SSH from bastion sg",
                "from_port": 2049,
                "ipv6_cidr_blocks": [],
                "prefix_list_ids": [],
                "protocol": "tcp",
                "security_groups": [],
                "self": false,
                "to_port": 2049
              },
              {
                "cidr_blocks": [
                  "10.10.0.0/16"
                ],
                "description": "traffic from ALB",
                "from_port": 2368,
                "ipv6_cidr_blocks": [],
                "prefix_list_ids": [],
                "protocol": "tcp",
                "security_groups": [],
                "self": false,
                "to_port": 2368
              },
              {
                "cidr_blocks": [],
                "description": "SSH from bastion sg",
                "from_port": 22,
                "ipv6_cidr_blocks": [],
                "prefix_list_ids": [],
                "protocol": "tcp",
                "security_groups": [
                  "sg-03346e4cbf8c7e12f"
                ],
                "self": false,
                "to_port": 22
              }
            ],
            "name": "terraform-20231017115514600100000003",
            "name_prefix": "terraform-",
            "owner_id": "429881705512",
            "revoke_rules_on_delete": false,
            "tags": {
              "Name": "EC2_pool"
            },
            "tags_all": {
              "Name": "EC2_pool"
            },
            "timeouts": null,
            "vpc_id": "vpc-0d1d073e3a7ca1f62"
          },
          "sensitive_attributes": [],
          "private": "eyJlMmJmYjczMC1lY2FhLTExZTYtOGY4OC0zNDM2M2JjN2M0YzAiOnsiY3JlYXRlIjo2MDAwMDAwMDAwMDAsImRlbGV0ZSI6OTAwMDAwMDAwMDAwfSwic2NoZW1hX3ZlcnNpb24iOiIxIn0=",
          "dependencies": [
            "aws_security_group.bastion",
            "aws_vpc.cloudx"
          ]
        }
      ]
    },
    {
      "mode": "managed",
      "type": "aws_security_group",
      "name": "efs",
      "provider": "provider[\"registry.terraform.io/hashicorp/aws\"]",
      "instances": [
        {
          "schema_version": 1,
          "attributes": {
            "arn": "arn:aws:ec2:us-east-1:429881705512:security-group/sg-00ddca2e93b27a554",
            "description": "defines access to efs mount points",
            "egress": [
              {
                "cidr_blocks": [
                  "10.10.0.0/16"
                ],
                "description": "",
                "from_port": 0,
                "ipv6_cidr_blocks": [],
                "prefix_list_ids": [],
                "protocol": "-1",
                "security_groups": [],
                "self": false,
                "to_port": 0
              }
            ],
            "id": "sg-00ddca2e93b27a554",
            "ingress": [
              {
                "cidr_blocks": [],
                "description": "EFS",
                "from_port": 2049,
                "ipv6_cidr_blocks": [],
                "prefix_list_ids": [],
                "protocol": "tcp",
                "security_groups": [
                  "sg-00ccd56d403efa705"
                ],
                "self": false,
                "to_port": 2049
              }
            ],
            "name": "efs",
            "name_prefix": "",
            "owner_id": "429881705512",
            "revoke_rules_on_delete": false,
            "tags": {
              "Name": "EFS"
            },
            "tags_all": {
              "Name": "EFS"
            },
            "timeouts": null,
            "vpc_id": "vpc-0d1d073e3a7ca1f62"
          },
          "sensitive_attributes": [],
          "private": "eyJlMmJmYjczMC1lY2FhLTExZTYtOGY4OC0zNDM2M2JjN2M0YzAiOnsiY3JlYXRlIjo2MDAwMDAwMDAwMDAsImRlbGV0ZSI6OTAwMDAwMDAwMDAwfSwic2NoZW1hX3ZlcnNpb24iOiIxIn0=",
          "dependencies": [
            "aws_security_group.bastion",
            "aws_security_group.ec2_pool",
            "aws_vpc.cloudx"
          ]
        }
      ]
    },
    {
      "mode": "managed",
      "type": "aws_subnet",
      "name": "public_a",
      "provider": "provider[\"registry.terraform.io/hashicorp/aws\"]",
      "instances": [
        {
          "schema_version": 1,
          "attributes": {
            "arn": "arn:aws:ec2:us-east-1:429881705512:subnet/subnet-0a0638ce87ceace67",
            "assign_ipv6_address_on_creation": false,
            "availability_zone": "us-east-1a",
            "availability_zone_id": "use1-az6",
            "cidr_block": "10.10.1.0/24",
            "customer_owned_ipv4_pool": "",
            "enable_dns64": false,
            "enable_lni_at_device_index": 0,
            "enable_resource_name_dns_a_record_on_launch": false,
            "enable_resource_name_dns_aaaa_record_on_launch": false,
            "id": "subnet-0a0638ce87ceace67",
            "ipv6_cidr_block": "",
            "ipv6_cidr_block_association_id": "",
            "ipv6_native": false,
            "map_customer_owned_ip_on_launch": false,
            "map_public_ip_on_launch": false,
            "outpost_arn": "",
            "owner_id": "429881705512",
            "private_dns_hostname_type_on_launch": "ip-name",
            "tags": {
              "Name": "public_a"
            },
            "tags_all": {
              "Name": "public_a"
            },
            "timeouts": null,
            "vpc_id": "vpc-0d1d073e3a7ca1f62"
          },
          "sensitive_attributes": [],
          "private": "eyJlMmJmYjczMC1lY2FhLTExZTYtOGY4OC0zNDM2M2JjN2M0YzAiOnsiY3JlYXRlIjo2MDAwMDAwMDAwMDAsImRlbGV0ZSI6MTIwMDAwMDAwMDAwMH0sInNjaGVtYV92ZXJzaW9uIjoiMSJ9",
          "dependencies": [
            "aws_vpc.cloudx"
          ]
        }
      ]
    },
    {
      "mode": "managed",
      "type": "aws_subnet",
      "name": "public_b",
      "provider": "provider[\"registry.terraform.io/hashicorp/aws\"]",
      "instances": [
        {
          "schema_version": 1,
          "attributes": {
            "arn": "arn:aws:ec2:us-east-1:429881705512:subnet/subnet-0caac09c138593f59",
            "assign_ipv6_address_on_creation": false,
            "availability_zone": "us-east-1b",
            "availability_zone_id": "use1-az1",
            "cidr_block": "10.10.2.0/24",
            "customer_owned_ipv4_pool": "",
            "enable_dns64": false,
            "enable_lni_at_device_index": 0,
            "enable_resource_name_dns_a_record_on_launch": false,
            "enable_resource_name_dns_aaaa_record_on_launch": false,
            "id": "subnet-0caac09c138593f59",
            "ipv6_cidr_block": "",
            "ipv6_cidr_block_association_id": "",
            "ipv6_native": false,
            "map_customer_owned_ip_on_launch": false,
            "map_public_ip_on_launch": false,
            "outpost_arn": "",
            "owner_id": "429881705512",
            "private_dns_hostname_type_on_launch": "ip-name",
            "tags": {
              "Name": "public_b"
            },
            "tags_all": {
              "Name": "public_b"
            },
            "timeouts": null,
            "vpc_id": "vpc-0d1d073e3a7ca1f62"
          },
          "sensitive_attributes": [],
          "private": "eyJlMmJmYjczMC1lY2FhLTExZTYtOGY4OC0zNDM2M2JjN2M0YzAiOnsiY3JlYXRlIjo2MDAwMDAwMDAwMDAsImRlbGV0ZSI6MTIwMDAwMDAwMDAwMH0sInNjaGVtYV92ZXJzaW9uIjoiMSJ9",
          "dependencies": [
            "aws_vpc.cloudx"
          ]
        }
      ]
    },
    {
      "mode": "managed",
      "type": "aws_subnet",
      "name": "public_c",
      "provider": "provider[\"registry.terraform.io/hashicorp/aws\"]",
      "instances": [
        {
          "schema_version": 1,
          "attributes": {
            "arn": "arn:aws:ec2:us-east-1:429881705512:subnet/subnet-0b6fd49a6af48e3a2",
            "assign_ipv6_address_on_creation": false,
            "availability_zone": "us-east-1c",
            "availability_zone_id": "use1-az2",
            "cidr_block": "10.10.3.0/24",
            "customer_owned_ipv4_pool": "",
            "enable_dns64": false,
            "enable_lni_at_device_index": 0,
            "enable_resource_name_dns_a_record_on_launch": false,
            "enable_resource_name_dns_aaaa_record_on_launch": false,
            "id": "subnet-0b6fd49a6af48e3a2",
            "ipv6_cidr_block": "",
            "ipv6_cidr_block_association_id": "",
            "ipv6_native": false,
            "map_customer_owned_ip_on_launch": false,
            "map_public_ip_on_launch": false,
            "outpost_arn": "",
            "owner_id": "429881705512",
            "private_dns_hostname_type_on_launch": "ip-name",
            "tags": {
              "Name": "public_c"
            },
            "tags_all": {
              "Name": "public_c"
            },
            "timeouts": null,
            "vpc_id": "vpc-0d1d073e3a7ca1f62"
          },
          "sensitive_attributes": [],
          "private": "eyJlMmJmYjczMC1lY2FhLTExZTYtOGY4OC0zNDM2M2JjN2M0YzAiOnsiY3JlYXRlIjo2MDAwMDAwMDAwMDAsImRlbGV0ZSI6MTIwMDAwMDAwMDAwMH0sInNjaGVtYV92ZXJzaW9uIjoiMSJ9",
          "dependencies": [
            "aws_vpc.cloudx"
          ]
        }
      ]
    },
    {
      "mode": "managed",
      "type": "aws_vpc",
      "name": "cloudx",
      "provider": "provider[\"registry.terraform.io/hashicorp/aws\"]",
      "instances": [
        {
          "schema_version": 1,
          "attributes": {
            "arn": "arn:aws:ec2:us-east-1:429881705512:vpc/vpc-0d1d073e3a7ca1f62",
            "assign_generated_ipv6_cidr_block": false,
            "cidr_block": "10.10.0.0/16",
            "default_network_acl_id": "acl-0ddf32a160c0fcba1",
            "default_route_table_id": "rtb-0e85db3933722a550",
            "default_security_group_id": "sg-0f73982f5e7727037",
            "dhcp_options_id": "dopt-0ce8602f9dcf17c74",
            "enable_dns_hostnames": true,
            "enable_dns_support": true,
            "enable_network_address_usage_metrics": false,
            "id": "vpc-0d1d073e3a7ca1f62",
            "instance_tenancy": "default",
            "ipv4_ipam_pool_id": null,
            "ipv4_netmask_length": null,
            "ipv6_association_id": "",
            "ipv6_cidr_block": "",
            "ipv6_cidr_block_network_border_group": "",
            "ipv6_ipam_pool_id": "",
            "ipv6_netmask_length": 0,
            "main_route_table_id": "rtb-0e85db3933722a550",
            "owner_id": "429881705512",
            "tags": {
              "Name": "cloudx"
            },
            "tags_all": {
              "Name": "cloudx"
            }
          },
          "sensitive_attributes": [],
          "private": "eyJzY2hlbWFfdmVyc2lvbiI6IjEifQ=="
        }
      ]
    }
  ],
  "check_results": null
}
