{
  "version": 4,
  "terraform_version": "1.6.0",
  "serial": 933,
  "lineage": "4fe9495a-9497-75d7-4fdb-62aaa9ee0a10",
  "outputs": {},
  "resources": [
    {
      "mode": "data",
      "type": "aws_instances",
      "name": "ec2-pool",
      "provider": "provider[\"registry.terraform.io/hashicorp/aws\"]",
      "instances": [
        {
          "schema_version": 0,
          "attributes": {
            "filter": null,
            "id": "us-east-1",
            "ids": [],
            "instance_state_names": [
              "running"
            ],
            "instance_tags": {
              "Name": "EC2-pool"
            },
            "ipv6_addresses": [],
            "private_ips": [],
            "public_ips": [],
            "timeouts": null
          },
          "sensitive_attributes": []
        }
      ]
    },
    {
      "mode": "data",
      "type": "aws_lb",
      "name": "test",
      "provider": "provider[\"registry.terraform.io/hashicorp/aws\"]",
      "instances": [
        {
          "schema_version": 0,
          "attributes": {
            "access_logs": [
              {
                "bucket": "",
                "enabled": false,
                "prefix": ""
              }
            ],
            "arn": "arn:aws:elasticloadbalancing:us-east-1:429881705512:loadbalancer/app/epam-lb/8fc8b24925486c17",
            "arn_suffix": "app/epam-lb/8fc8b24925486c17",
            "customer_owned_ipv4_pool": "",
            "desync_mitigation_mode": "defensive",
            "dns_name": "epam-lb-471307404.us-east-1.elb.amazonaws.com",
            "drop_invalid_header_fields": false,
            "enable_cross_zone_load_balancing": true,
            "enable_deletion_protection": false,
            "enable_http2": true,
            "enable_tls_version_and_cipher_suite_headers": false,
            "enable_waf_fail_open": false,
            "enable_xff_client_port": false,
            "id": "arn:aws:elasticloadbalancing:us-east-1:429881705512:loadbalancer/app/epam-lb/8fc8b24925486c17",
            "idle_timeout": 60,
            "internal": false,
            "ip_address_type": "ipv4",
            "load_balancer_type": "application",
            "name": "epam-lb",
            "preserve_host_header": false,
            "security_groups": [
              "sg-0458c9320a6f53433"
            ],
            "subnet_mapping": [
              {
                "allocation_id": "",
                "ipv6_address": "",
                "outpost_id": "",
                "private_ipv4_address": "",
                "subnet_id": "subnet-0183a14f56a11e021"
              },
              {
                "allocation_id": "",
                "ipv6_address": "",
                "outpost_id": "",
                "private_ipv4_address": "",
                "subnet_id": "subnet-087a96f0db4153117"
              },
              {
                "allocation_id": "",
                "ipv6_address": "",
                "outpost_id": "",
                "private_ipv4_address": "",
                "subnet_id": "subnet-092a25221a9fcc1a3"
              }
            ],
            "subnets": [
              "subnet-0183a14f56a11e021",
              "subnet-087a96f0db4153117",
              "subnet-092a25221a9fcc1a3"
            ],
            "tags": {
              "ENV": "dev"
            },
            "timeouts": null,
            "vpc_id": "vpc-00064b2f065fb1214",
            "xff_header_processing_mode": "append",
            "zone_id": "Z35SXDOTRQ7X7K"
          },
          "sensitive_attributes": []
        }
      ]
    },
    {
      "mode": "data",
      "type": "template_file",
      "name": "dns-name",
      "provider": "provider[\"registry.terraform.io/hashicorp/template\"]",
      "instances": [
        {
          "schema_version": 0,
          "attributes": {
            "filename": null,
            "id": "a695c944047bd098586ec3088f892ce2d4b2da55be37e663a576fa8543630e8b",
            "rendered": "#!/bin/bash -xe\n\nexec \u003e \u003e(tee /var/log/cloud-init-output.log|logger -t user-data -s 2\u003e/dev/console) 2\u003e\u00261\nexport  TOKEN=`curl -X PUT \"http://169.254.169.254/latest/api/token\" -H \"X-aws-ec2-metadata-token-ttl-seconds: 21600\"`\n\nexport  REGION=$(/usr/bin/curl -s http://169.254.169.254/latest/meta-data/placement/availability-zone -H \"X-aws-ec2-metadata-token: $TOKEN\" | sed 's/[a-z]$//')\nexport  EFS_ID=$(aws efs describe-file-systems --query 'FileSystems[?Name==`ghost_content`].FileSystemId' --region $REGION --output text)\n\n\n### Install pre-reqs\nyum install -y nodejs\n\nyum install -y  amazon-efs-utils\nsudo  npm install -g ghost-cli@latest -g\nadduser ghost_user\nusermod -aG wheel ghost_user\ncd /home/ghost_user/\n\nsudo -u ghost_user ghost install  local\n\n### EFS mount\nmkdir -p /home/ghost_user/ghost/content/data/\n\nmount -t efs -o tls $EFS_ID:/ /home/ghost_user/ghost/content\n\ncat \u003c\u003c EOF \u003e config.development.json\n\n{\n  \"url\": \"http://epam-lb-471307404.us-east-1.elb.amazonaws.com\",\n  \"server\": {\n    \"port\": 2368,\n    \"host\": \"0.0.0.0\"\n  },\n  \"database\": {\n    \"client\": \"sqlite3\",\n    \"connection\": {\n      \"filename\": \"/home/ghost_user/content/data/ghost-local.db\"\n    }\n  },\n  \"mail\": {\n    \"transport\": \"Direct\"\n  },\n  \"logging\": {\n    \"transports\": [\n      \"file\",\n      \"stdout\"\n    ]\n  },\n  \"process\": \"local\",\n  \"paths\": {\n    \"contentPath\": \"/home/ghost_user/ghost/content\"\n  }\n}\nEOF\n\n\n\n\nsudo chown -R ghost_user /home/ghost_user/ghost/\nsudo -u ghost_user ghost stop\nsudo -u ghost_user ghost start\n",
            "template": "#!/bin/bash -xe\n\nexec \u003e \u003e(tee /var/log/cloud-init-output.log|logger -t user-data -s 2\u003e/dev/console) 2\u003e\u00261\nexport  TOKEN=`curl -X PUT \"http://169.254.169.254/latest/api/token\" -H \"X-aws-ec2-metadata-token-ttl-seconds: 21600\"`\n\nexport  REGION=$(/usr/bin/curl -s http://169.254.169.254/latest/meta-data/placement/availability-zone -H \"X-aws-ec2-metadata-token: $TOKEN\" | sed 's/[a-z]$//')\nexport  EFS_ID=$(aws efs describe-file-systems --query 'FileSystems[?Name==`ghost_content`].FileSystemId' --region $REGION --output text)\n\n\n### Install pre-reqs\nyum install -y nodejs\n\nyum install -y  amazon-efs-utils\nsudo  npm install -g ghost-cli@latest -g\nadduser ghost_user\nusermod -aG wheel ghost_user\ncd /home/ghost_user/\n\nsudo -u ghost_user ghost install  local\n\n### EFS mount\nmkdir -p /home/ghost_user/ghost/content/data/\n\nmount -t efs -o tls $EFS_ID:/ /home/ghost_user/ghost/content\n\ncat \u003c\u003c EOF \u003e config.development.json\n\n{\n  \"url\": \"http://${dns_name}\",\n  \"server\": {\n    \"port\": 2368,\n    \"host\": \"0.0.0.0\"\n  },\n  \"database\": {\n    \"client\": \"sqlite3\",\n    \"connection\": {\n      \"filename\": \"/home/ghost_user/content/data/ghost-local.db\"\n    }\n  },\n  \"mail\": {\n    \"transport\": \"Direct\"\n  },\n  \"logging\": {\n    \"transports\": [\n      \"file\",\n      \"stdout\"\n    ]\n  },\n  \"process\": \"local\",\n  \"paths\": {\n    \"contentPath\": \"/home/ghost_user/ghost/content\"\n  }\n}\nEOF\n\n\n\n\nsudo chown -R ghost_user /home/ghost_user/ghost/\nsudo -u ghost_user ghost stop\nsudo -u ghost_user ghost start\n",
            "vars": {
              "dns_name": "epam-lb-471307404.us-east-1.elb.amazonaws.com"
            }
          },
          "sensitive_attributes": []
        }
      ]
    },
    {
      "mode": "managed",
      "type": "aws_autoscaling_group",
      "name": "ghost_ec2_pool",
      "provider": "provider[\"registry.terraform.io/hashicorp/aws\"]",
      "instances": [
        {
          "schema_version": 1,
          "attributes": {
            "arn": "arn:aws:autoscaling:us-east-1:429881705512:autoScalingGroup:e7673f13-a3ad-4ae2-87cd-4b8a19b21df5:autoScalingGroupName/ghost_ec2_pool",
            "availability_zones": [
              "us-east-1a",
              "us-east-1b",
              "us-east-1c"
            ],
            "capacity_rebalance": true,
            "context": "",
            "default_cooldown": 300,
            "default_instance_warmup": 0,
            "desired_capacity": 2,
            "desired_capacity_type": "",
            "enabled_metrics": null,
            "force_delete": false,
            "force_delete_warm_pool": false,
            "health_check_grace_period": 300,
            "health_check_type": "EC2",
            "id": "ghost_ec2_pool",
            "ignore_failed_scaling_activities": false,
            "initial_lifecycle_hook": [],
            "instance_refresh": [],
            "launch_configuration": "",
            "launch_template": [
              {
                "id": "lt-04febd766365fa9db",
                "name": "terraform-20231012073258196200000006",
                "version": "$Latest"
              }
            ],
            "load_balancers": [],
            "max_instance_lifetime": 0,
            "max_size": 4,
            "metrics_granularity": "1Minute",
            "min_elb_capacity": null,
            "min_size": 1,
            "mixed_instances_policy": [],
            "name": "ghost_ec2_pool",
            "name_prefix": "",
            "placement_group": "",
            "predicted_capacity": 0,
            "protect_from_scale_in": false,
            "service_linked_role_arn": "arn:aws:iam::429881705512:role/aws-service-role/autoscaling.amazonaws.com/AWSServiceRoleForAutoScaling",
            "suspended_processes": null,
            "tag": [],
            "target_group_arns": [],
            "termination_policies": null,
            "timeouts": null,
            "traffic_source": [],
            "vpc_zone_identifier": [
              "subnet-0183a14f56a11e021",
              "subnet-087a96f0db4153117",
              "subnet-092a25221a9fcc1a3"
            ],
            "wait_for_capacity_timeout": "10m",
            "wait_for_elb_capacity": null,
            "warm_pool": [],
            "warm_pool_size": 0
          },
          "sensitive_attributes": [],
          "private": "eyJlMmJmYjczMC1lY2FhLTExZTYtOGY4OC0zNDM2M2JjN2M0YzAiOnsiZGVsZXRlIjo2MDAwMDAwMDAwMDAsInVwZGF0ZSI6NjAwMDAwMDAwMDAwfSwic2NoZW1hX3ZlcnNpb24iOiIxIn0=",
          "dependencies": [
            "aws_iam_instance_profile.test-profile",
            "aws_iam_role.ghost_app",
            "aws_key_pair.ghost-ec2-pool",
            "aws_launch_template.ghost1",
            "aws_lb.epam-lb",
            "aws_security_group.alb",
            "aws_security_group.bastion",
            "aws_security_group.ec2_pool",
            "aws_subnet.public_a",
            "aws_subnet.public_b",
            "aws_subnet.public_c",
            "aws_vpc.cloudx",
            "data.aws_lb.test",
            "data.template_file.dns-name"
          ]
        }
      ]
    },
    {
      "mode": "managed",
      "type": "aws_efs_file_system",
      "name": "ghost_content",
      "provider": "provider[\"registry.terraform.io/hashicorp/aws\"]",
      "instances": [
        {
          "schema_version": 0,
          "attributes": {
            "arn": "arn:aws:elasticfilesystem:us-east-1:429881705512:file-system/fs-00a6ab50b5629e211",
            "availability_zone_id": "",
            "availability_zone_name": "",
            "creation_token": "terraform-20231012072947665800000001",
            "dns_name": "fs-00a6ab50b5629e211.efs.us-east-1.amazonaws.com",
            "encrypted": false,
            "id": "fs-00a6ab50b5629e211",
            "kms_key_id": "",
            "lifecycle_policy": [],
            "name": "ghost_content",
            "number_of_mount_targets": 0,
            "owner_id": "429881705512",
            "performance_mode": "generalPurpose",
            "provisioned_throughput_in_mibps": 0,
            "size_in_bytes": [
              {
                "value": 6144,
                "value_in_ia": 0,
                "value_in_standard": 6144
              }
            ],
            "tags": {
              "Name": "ghost_content"
            },
            "tags_all": {
              "Name": "ghost_content"
            },
            "throughput_mode": "bursting"
          },
          "sensitive_attributes": [],
          "private": "bnVsbA=="
        }
      ]
    },
    {
      "mode": "managed",
      "type": "aws_efs_mount_target",
      "name": "target_a",
      "provider": "provider[\"registry.terraform.io/hashicorp/aws\"]",
      "instances": [
        {
          "schema_version": 0,
          "attributes": {
            "availability_zone_id": "use1-az6",
            "availability_zone_name": "us-east-1a",
            "dns_name": "fs-00a6ab50b5629e211.efs.us-east-1.amazonaws.com",
            "file_system_arn": "arn:aws:elasticfilesystem:us-east-1:429881705512:file-system/fs-00a6ab50b5629e211",
            "file_system_id": "fs-00a6ab50b5629e211",
            "id": "fsmt-03f7ffc96f0d589e4",
            "ip_address": "10.10.1.223",
            "mount_target_dns_name": "us-east-1a.fs-00a6ab50b5629e211.efs.us-east-1.amazonaws.com",
            "network_interface_id": "eni-07ef8adccbba88648",
            "owner_id": "429881705512",
            "security_groups": [
              "sg-09f30712993b582e1"
            ],
            "subnet_id": "subnet-087a96f0db4153117",
            "timeouts": null
          },
          "sensitive_attributes": [],
          "private": "eyJlMmJmYjczMC1lY2FhLTExZTYtOGY4OC0zNDM2M2JjN2M0YzAiOnsiY3JlYXRlIjoxODAwMDAwMDAwMDAwLCJkZWxldGUiOjYwMDAwMDAwMDAwMH19",
          "dependencies": [
            "aws_efs_file_system.ghost_content",
            "aws_security_group.bastion",
            "aws_security_group.ec2_pool",
            "aws_security_group.efs",
            "aws_subnet.public_a",
            "aws_vpc.cloudx"
          ]
        }
      ]
    },
    {
      "mode": "managed",
      "type": "aws_efs_mount_target",
      "name": "target_b",
      "provider": "provider[\"registry.terraform.io/hashicorp/aws\"]",
      "instances": [
        {
          "schema_version": 0,
          "attributes": {
            "availability_zone_id": "use1-az1",
            "availability_zone_name": "us-east-1b",
            "dns_name": "fs-00a6ab50b5629e211.efs.us-east-1.amazonaws.com",
            "file_system_arn": "arn:aws:elasticfilesystem:us-east-1:429881705512:file-system/fs-00a6ab50b5629e211",
            "file_system_id": "fs-00a6ab50b5629e211",
            "id": "fsmt-089496c80ccc92392",
            "ip_address": "10.10.2.242",
            "mount_target_dns_name": "us-east-1b.fs-00a6ab50b5629e211.efs.us-east-1.amazonaws.com",
            "network_interface_id": "eni-01e6d54602c529d84",
            "owner_id": "429881705512",
            "security_groups": [
              "sg-09f30712993b582e1"
            ],
            "subnet_id": "subnet-0183a14f56a11e021",
            "timeouts": null
          },
          "sensitive_attributes": [],
          "private": "eyJlMmJmYjczMC1lY2FhLTExZTYtOGY4OC0zNDM2M2JjN2M0YzAiOnsiY3JlYXRlIjoxODAwMDAwMDAwMDAwLCJkZWxldGUiOjYwMDAwMDAwMDAwMH19",
          "dependencies": [
            "aws_efs_file_system.ghost_content",
            "aws_security_group.bastion",
            "aws_security_group.ec2_pool",
            "aws_security_group.efs",
            "aws_subnet.public_b",
            "aws_vpc.cloudx"
          ]
        }
      ]
    },
    {
      "mode": "managed",
      "type": "aws_efs_mount_target",
      "name": "target_c",
      "provider": "provider[\"registry.terraform.io/hashicorp/aws\"]",
      "instances": [
        {
          "schema_version": 0,
          "attributes": {
            "availability_zone_id": "use1-az2",
            "availability_zone_name": "us-east-1c",
            "dns_name": "fs-00a6ab50b5629e211.efs.us-east-1.amazonaws.com",
            "file_system_arn": "arn:aws:elasticfilesystem:us-east-1:429881705512:file-system/fs-00a6ab50b5629e211",
            "file_system_id": "fs-00a6ab50b5629e211",
            "id": "fsmt-0ca90d606b4720728",
            "ip_address": "10.10.3.58",
            "mount_target_dns_name": "us-east-1c.fs-00a6ab50b5629e211.efs.us-east-1.amazonaws.com",
            "network_interface_id": "eni-028a7bd656f348206",
            "owner_id": "429881705512",
            "security_groups": [
              "sg-09f30712993b582e1"
            ],
            "subnet_id": "subnet-092a25221a9fcc1a3",
            "timeouts": null
          },
          "sensitive_attributes": [],
          "private": "eyJlMmJmYjczMC1lY2FhLTExZTYtOGY4OC0zNDM2M2JjN2M0YzAiOnsiY3JlYXRlIjoxODAwMDAwMDAwMDAwLCJkZWxldGUiOjYwMDAwMDAwMDAwMH19",
          "dependencies": [
            "aws_efs_file_system.ghost_content",
            "aws_security_group.bastion",
            "aws_security_group.ec2_pool",
            "aws_security_group.efs",
            "aws_subnet.public_c",
            "aws_vpc.cloudx"
          ]
        }
      ]
    },
    {
      "mode": "managed",
      "type": "aws_iam_instance_profile",
      "name": "test-profile",
      "provider": "provider[\"registry.terraform.io/hashicorp/aws\"]",
      "instances": [
        {
          "schema_version": 0,
          "attributes": {
            "arn": "arn:aws:iam::429881705512:instance-profile/test-profile",
            "create_date": "2023-10-12T07:29:50Z",
            "id": "test-profile",
            "name": "test-profile",
            "name_prefix": "",
            "path": "/",
            "role": "ghost_app",
            "tags": null,
            "tags_all": {},
            "unique_id": "AIPAWIFXSIQUNW7U37LG4"
          },
          "sensitive_attributes": [],
          "private": "bnVsbA==",
          "dependencies": [
            "aws_iam_role.ghost_app"
          ]
        }
      ]
    },
    {
      "mode": "managed",
      "type": "aws_iam_policy",
      "name": "test_policy",
      "provider": "provider[\"registry.terraform.io/hashicorp/aws\"]",
      "instances": [
        {
          "schema_version": 0,
          "attributes": {
            "arn": "arn:aws:iam::429881705512:policy/test_policy",
            "description": "",
            "id": "arn:aws:iam::429881705512:policy/test_policy",
            "name": "test_policy",
            "name_prefix": "",
            "path": "/",
            "policy": "{\"Statement\":[{\"Action\":[\"ec2:Describe*\",\"elasticfilesystem:DescribeFileSystems\",\"elasticfilesystem:ClientMount\",\"elasticfilesystem:ClientWrite\"],\"Effect\":\"Allow\",\"Resource\":\"*\"}],\"Version\":\"2012-10-17\"}",
            "policy_id": "ANPAWIFXSIQUB7ULTVBMZ",
            "tags": null,
            "tags_all": {}
          },
          "sensitive_attributes": [],
          "private": "bnVsbA=="
        }
      ]
    },
    {
      "mode": "managed",
      "type": "aws_iam_policy_attachment",
      "name": "attach-role",
      "provider": "provider[\"registry.terraform.io/hashicorp/aws\"]",
      "instances": [
        {
          "schema_version": 0,
          "attributes": {
            "groups": null,
            "id": "test-attachment",
            "name": "test-attachment",
            "policy_arn": "arn:aws:iam::429881705512:policy/test_policy",
            "roles": [
              "ghost_app"
            ],
            "users": null
          },
          "sensitive_attributes": [],
          "private": "bnVsbA==",
          "dependencies": [
            "aws_iam_policy.test_policy",
            "aws_iam_role.ghost_app"
          ]
        }
      ]
    },
    {
      "mode": "managed",
      "type": "aws_iam_role",
      "name": "ghost_app",
      "provider": "provider[\"registry.terraform.io/hashicorp/aws\"]",
      "instances": [
        {
          "schema_version": 0,
          "attributes": {
            "arn": "arn:aws:iam::429881705512:role/ghost_app",
            "assume_role_policy": "{\"Statement\":[{\"Action\":\"sts:AssumeRole\",\"Effect\":\"Allow\",\"Principal\":{\"Service\":\"ec2.amazonaws.com\"},\"Sid\":\"\"}],\"Version\":\"2012-10-17\"}",
            "create_date": "2023-10-12T07:29:49Z",
            "description": "",
            "force_detach_policies": false,
            "id": "ghost_app",
            "inline_policy": [],
            "managed_policy_arns": [],
            "max_session_duration": 3600,
            "name": "ghost_app",
            "name_prefix": "",
            "path": "/",
            "permissions_boundary": null,
            "tags": null,
            "tags_all": {},
            "unique_id": "AROAWIFXSIQUIQSKFNUSC"
          },
          "sensitive_attributes": [],
          "private": "bnVsbA=="
        }
      ]
    },
    {
      "mode": "managed",
      "type": "aws_instance",
      "name": "bastion",
      "provider": "provider[\"registry.terraform.io/hashicorp/aws\"]",
      "instances": [
        {
          "schema_version": 1,
          "attributes": {
            "ami": "ami-067d1e60475437da2",
            "arn": "arn:aws:ec2:us-east-1:429881705512:instance/i-02d52e286f115fbca",
            "associate_public_ip_address": true,
            "availability_zone": "us-east-1a",
            "capacity_reservation_specification": [
              {
                "capacity_reservation_preference": "open",
                "capacity_reservation_target": []
              }
            ],
            "cpu_core_count": 1,
            "cpu_options": [
              {
                "amd_sev_snp": "",
                "core_count": 1,
                "threads_per_core": 1
              }
            ],
            "cpu_threads_per_core": 1,
            "credit_specification": [
              {
                "cpu_credits": "standard"
              }
            ],
            "disable_api_stop": false,
            "disable_api_termination": false,
            "ebs_block_device": [],
            "ebs_optimized": false,
            "enclave_options": [
              {
                "enabled": false
              }
            ],
            "ephemeral_block_device": [],
            "get_password_data": false,
            "hibernation": false,
            "host_id": "",
            "host_resource_group_arn": null,
            "iam_instance_profile": "",
            "id": "i-02d52e286f115fbca",
            "instance_initiated_shutdown_behavior": "stop",
            "instance_lifecycle": "",
            "instance_market_options": [],
            "instance_state": "running",
            "instance_type": "t2.micro",
            "ipv6_address_count": 0,
            "ipv6_addresses": [],
            "key_name": "ghost-ec2-pool",
            "launch_template": [],
            "maintenance_options": [
              {
                "auto_recovery": "default"
              }
            ],
            "metadata_options": [
              {
                "http_endpoint": "enabled",
                "http_protocol_ipv6": "disabled",
                "http_put_response_hop_limit": 2,
                "http_tokens": "required",
                "instance_metadata_tags": "disabled"
              }
            ],
            "monitoring": false,
            "network_interface": [],
            "outpost_arn": "",
            "password_data": "",
            "placement_group": "",
            "placement_partition_number": 0,
            "primary_network_interface_id": "eni-0e0e7e294276238ef",
            "private_dns": "ip-10-10-1-89.ec2.internal",
            "private_dns_name_options": [
              {
                "enable_resource_name_dns_a_record": false,
                "enable_resource_name_dns_aaaa_record": false,
                "hostname_type": "ip-name"
              }
            ],
            "private_ip": "10.10.1.89",
            "public_dns": "ec2-18-208-253-175.compute-1.amazonaws.com",
            "public_ip": "18.208.253.175",
            "root_block_device": [
              {
                "delete_on_termination": true,
                "device_name": "/dev/xvda",
                "encrypted": false,
                "iops": 3000,
                "kms_key_id": "",
                "tags": {},
                "throughput": 125,
                "volume_id": "vol-00ff754845f090ee2",
                "volume_size": 8,
                "volume_type": "gp3"
              }
            ],
            "secondary_private_ips": [],
            "security_groups": [
              "sg-01488847de37627b7"
            ],
            "source_dest_check": true,
            "spot_instance_request_id": "",
            "subnet_id": "subnet-087a96f0db4153117",
            "tags": {
              "Name": "Bastion"
            },
            "tags_all": {
              "Name": "Bastion"
            },
            "tenancy": "default",
            "timeouts": null,
            "user_data": null,
            "user_data_base64": null,
            "user_data_replace_on_change": false,
            "volume_tags": null,
            "vpc_security_group_ids": [
              "sg-01488847de37627b7"
            ]
          },
          "sensitive_attributes": [],
          "private": "eyJlMmJmYjczMC1lY2FhLTExZTYtOGY4OC0zNDM2M2JjN2M0YzAiOnsiY3JlYXRlIjo2MDAwMDAwMDAwMDAsImRlbGV0ZSI6MTIwMDAwMDAwMDAwMCwidXBkYXRlIjo2MDAwMDAwMDAwMDB9LCJzY2hlbWFfdmVyc2lvbiI6IjEifQ==",
          "dependencies": [
            "aws_key_pair.ghost-ec2-pool",
            "aws_security_group.bastion",
            "aws_subnet.public_a",
            "aws_vpc.cloudx"
          ]
        }
      ]
    },
    {
      "mode": "managed",
      "type": "aws_internet_gateway",
      "name": "cloudx-igw",
      "provider": "provider[\"registry.terraform.io/hashicorp/aws\"]",
      "instances": [
        {
          "schema_version": 0,
          "attributes": {
            "arn": "arn:aws:ec2:us-east-1:429881705512:internet-gateway/igw-03038d366b2eb36ee",
            "id": "igw-03038d366b2eb36ee",
            "owner_id": "429881705512",
            "tags": {
              "Name": "cloudx-igw"
            },
            "tags_all": {
              "Name": "cloudx-igw"
            },
            "timeouts": null,
            "vpc_id": "vpc-00064b2f065fb1214"
          },
          "sensitive_attributes": [],
          "private": "eyJlMmJmYjczMC1lY2FhLTExZTYtOGY4OC0zNDM2M2JjN2M0YzAiOnsiY3JlYXRlIjoxMjAwMDAwMDAwMDAwLCJkZWxldGUiOjEyMDAwMDAwMDAwMDAsInVwZGF0ZSI6MTIwMDAwMDAwMDAwMH19",
          "dependencies": [
            "aws_vpc.cloudx"
          ]
        }
      ]
    },
    {
      "mode": "managed",
      "type": "aws_key_pair",
      "name": "ghost-ec2-pool",
      "provider": "provider[\"registry.terraform.io/hashicorp/aws\"]",
      "instances": [
        {
          "schema_version": 1,
          "attributes": {
            "arn": "arn:aws:ec2:us-east-1:429881705512:key-pair/ghost-ec2-pool",
            "fingerprint": "52:06:21:48:ae:6b:78:73:c4:90:d7:d7:08:18:1e:0d",
            "id": "ghost-ec2-pool",
            "key_name": "ghost-ec2-pool",
            "key_name_prefix": "",
            "key_pair_id": "key-0af32b66baf78a89a",
            "key_type": "rsa",
            "public_key": "ssh-rsa AAAAB3NzaC1yc2EAAAADAQABAAABgQCbAHrXI4mOe25m22hAbiGAmWAoYFtUo1D/Z/hGAoOzHFiVQIPFeDPzxUl630/vWaEWzEN690+qYzvzoair+wNrfPfW2g+6P06f8GfD9KZdxo72QOtEuRrfqhW375rBX/93vl59iZrsFJVBlih8/BjIwLcMQSjqEXR+l1V/cB54UcU6cDPBfraNzYAIx5jTmuCskAFUnX7NDN0YQOO2DVioUx2VTPIoz//3D8Vt+c45Z41FCrqfonA9EOnbnDEnuWUKNmDiFC9PlTt75NxwXmMEOHXhxVm9XxY6dRl4hMLO3EtuTQMRMz00MDd5BGA6denx7xyK1ZBW3X2ScwBD/3jhRsTM0tVeb3T5wIuKmXSRhfOF0siA8b8akz1bMUUQhPS/yjrX2ZFzhjLmm0PINd13YXYke3Qg3Bq0XriR1ShPlU9njA0Kwp/Unfj2YwG7KdwcU4IKcnCNEqok1LBeWBu2GkKt8sZFxILkZf7uD7Q9COnTnpEJge2iTsKe+uPUJfs= levon@levon-desktop",
            "tags": null,
            "tags_all": {}
          },
          "sensitive_attributes": [],
          "private": "eyJzY2hlbWFfdmVyc2lvbiI6IjEifQ=="
        }
      ]
    },
    {
      "mode": "managed",
      "type": "aws_launch_template",
      "name": "ghost1",
      "provider": "provider[\"registry.terraform.io/hashicorp/aws\"]",
      "instances": [
        {
          "schema_version": 0,
          "attributes": {
            "arn": "arn:aws:ec2:us-east-1:429881705512:launch-template/lt-04febd766365fa9db",
            "block_device_mappings": [],
            "capacity_reservation_specification": [],
            "cpu_options": [],
            "credit_specification": [],
            "default_version": 1,
            "description": "",
            "disable_api_stop": false,
            "disable_api_termination": false,
            "ebs_optimized": "",
            "elastic_gpu_specifications": [],
            "elastic_inference_accelerator": [],
            "enclave_options": [],
            "hibernation_options": [],
            "iam_instance_profile": [
              {
                "arn": "",
                "name": "test-profile"
              }
            ],
            "id": "lt-04febd766365fa9db",
            "image_id": "ami-067d1e60475437da2",
            "instance_initiated_shutdown_behavior": "",
            "instance_market_options": [],
            "instance_requirements": [],
            "instance_type": "t2.micro",
            "kernel_id": "",
            "key_name": "ghost-ec2-pool",
            "latest_version": 1,
            "license_specification": [],
            "maintenance_options": [],
            "metadata_options": [],
            "monitoring": [],
            "name": "terraform-20231012073258196200000006",
            "name_prefix": "terraform-",
            "network_interfaces": [
              {
                "associate_carrier_ip_address": "",
                "associate_public_ip_address": "true",
                "delete_on_termination": "",
                "description": "",
                "device_index": 0,
                "interface_type": "",
                "ipv4_address_count": 0,
                "ipv4_addresses": null,
                "ipv4_prefix_count": 0,
                "ipv4_prefixes": null,
                "ipv6_address_count": 0,
                "ipv6_addresses": null,
                "ipv6_prefix_count": 0,
                "ipv6_prefixes": null,
                "network_card_index": 0,
                "network_interface_id": "",
                "private_ip_address": "",
                "security_groups": [
                  "sg-0db21ebf16f39a3ec"
                ],
                "subnet_id": ""
              }
            ],
            "placement": [],
            "private_dns_name_options": [],
            "ram_disk_id": "",
            "security_group_names": null,
            "tag_specifications": [
              {
                "resource_type": "instance",
                "tags": {
                  "Name": "EC2-pool"
                }
              }
            ],
            "tags": null,
            "tags_all": {},
            "update_default_version": true,
            "user_data": "IyEvYmluL2Jhc2ggLXhlCgpleGVjID4gPih0ZWUgL3Zhci9sb2cvY2xvdWQtaW5pdC1vdXRwdXQubG9nfGxvZ2dlciAtdCB1c2VyLWRhdGEgLXMgMj4vZGV2L2NvbnNvbGUpIDI+JjEKZXhwb3J0ICBUT0tFTj1gY3VybCAtWCBQVVQgImh0dHA6Ly8xNjkuMjU0LjE2OS4yNTQvbGF0ZXN0L2FwaS90b2tlbiIgLUggIlgtYXdzLWVjMi1tZXRhZGF0YS10b2tlbi10dGwtc2Vjb25kczogMjE2MDAiYAoKZXhwb3J0ICBSRUdJT049JCgvdXNyL2Jpbi9jdXJsIC1zIGh0dHA6Ly8xNjkuMjU0LjE2OS4yNTQvbGF0ZXN0L21ldGEtZGF0YS9wbGFjZW1lbnQvYXZhaWxhYmlsaXR5LXpvbmUgLUggIlgtYXdzLWVjMi1tZXRhZGF0YS10b2tlbjogJFRPS0VOIiB8IHNlZCAncy9bYS16XSQvLycpCmV4cG9ydCAgRUZTX0lEPSQoYXdzIGVmcyBkZXNjcmliZS1maWxlLXN5c3RlbXMgLS1xdWVyeSAnRmlsZVN5c3RlbXNbP05hbWU9PWBnaG9zdF9jb250ZW50YF0uRmlsZVN5c3RlbUlkJyAtLXJlZ2lvbiAkUkVHSU9OIC0tb3V0cHV0IHRleHQpCgoKIyMjIEluc3RhbGwgcHJlLXJlcXMKeXVtIGluc3RhbGwgLXkgbm9kZWpzCgp5dW0gaW5zdGFsbCAteSAgYW1hem9uLWVmcy11dGlscwpzdWRvICBucG0gaW5zdGFsbCAtZyBnaG9zdC1jbGlAbGF0ZXN0IC1nCmFkZHVzZXIgZ2hvc3RfdXNlcgp1c2VybW9kIC1hRyB3aGVlbCBnaG9zdF91c2VyCmNkIC9ob21lL2dob3N0X3VzZXIvCgpzdWRvIC11IGdob3N0X3VzZXIgZ2hvc3QgaW5zdGFsbCAgbG9jYWwKCiMjIyBFRlMgbW91bnQKbWtkaXIgLXAgL2hvbWUvZ2hvc3RfdXNlci9naG9zdC9jb250ZW50L2RhdGEvCgptb3VudCAtdCBlZnMgLW8gdGxzICRFRlNfSUQ6LyAvaG9tZS9naG9zdF91c2VyL2dob3N0L2NvbnRlbnQKCmNhdCA8PCBFT0YgPiBjb25maWcuZGV2ZWxvcG1lbnQuanNvbgoKewogICJ1cmwiOiAiaHR0cDovL2VwYW0tbGItNDcxMzA3NDA0LnVzLWVhc3QtMS5lbGIuYW1hem9uYXdzLmNvbSIsCiAgInNlcnZlciI6IHsKICAgICJwb3J0IjogMjM2OCwKICAgICJob3N0IjogIjAuMC4wLjAiCiAgfSwKICAiZGF0YWJhc2UiOiB7CiAgICAiY2xpZW50IjogInNxbGl0ZTMiLAogICAgImNvbm5lY3Rpb24iOiB7CiAgICAgICJmaWxlbmFtZSI6ICIvaG9tZS9naG9zdF91c2VyL2NvbnRlbnQvZGF0YS9naG9zdC1sb2NhbC5kYiIKICAgIH0KICB9LAogICJtYWlsIjogewogICAgInRyYW5zcG9ydCI6ICJEaXJlY3QiCiAgfSwKICAibG9nZ2luZyI6IHsKICAgICJ0cmFuc3BvcnRzIjogWwogICAgICAiZmlsZSIsCiAgICAgICJzdGRvdXQiCiAgICBdCiAgfSwKICAicHJvY2VzcyI6ICJsb2NhbCIsCiAgInBhdGhzIjogewogICAgImNvbnRlbnRQYXRoIjogIi9ob21lL2dob3N0X3VzZXIvZ2hvc3QvY29udGVudCIKICB9Cn0KRU9GCgoKCgpzdWRvIGNob3duIC1SIGdob3N0X3VzZXIgL2hvbWUvZ2hvc3RfdXNlci9naG9zdC8Kc3VkbyAtdSBnaG9zdF91c2VyIGdob3N0IHN0b3AKc3VkbyAtdSBnaG9zdF91c2VyIGdob3N0IHN0YXJ0Cg==",
            "vpc_security_group_ids": null
          },
          "sensitive_attributes": [],
          "private": "bnVsbA==",
          "dependencies": [
            "aws_iam_instance_profile.test-profile",
            "aws_iam_role.ghost_app",
            "aws_key_pair.ghost-ec2-pool",
            "aws_lb.epam-lb",
            "aws_security_group.alb",
            "aws_security_group.bastion",
            "aws_security_group.ec2_pool",
            "aws_subnet.public_a",
            "aws_subnet.public_b",
            "aws_subnet.public_c",
            "aws_vpc.cloudx",
            "data.aws_lb.test",
            "data.template_file.dns-name"
          ]
        }
      ]
    },
    {
      "mode": "managed",
      "type": "aws_lb",
      "name": "epam-lb",
      "provider": "provider[\"registry.terraform.io/hashicorp/aws\"]",
      "instances": [
        {
          "schema_version": 0,
          "attributes": {
            "access_logs": [
              {
                "bucket": "",
                "enabled": false,
                "prefix": ""
              }
            ],
            "arn": "arn:aws:elasticloadbalancing:us-east-1:429881705512:loadbalancer/app/epam-lb/8fc8b24925486c17",
            "arn_suffix": "app/epam-lb/8fc8b24925486c17",
            "customer_owned_ipv4_pool": "",
            "desync_mitigation_mode": "defensive",
            "dns_name": "epam-lb-471307404.us-east-1.elb.amazonaws.com",
            "drop_invalid_header_fields": false,
            "enable_cross_zone_load_balancing": true,
            "enable_deletion_protection": false,
            "enable_http2": true,
            "enable_tls_version_and_cipher_suite_headers": false,
            "enable_waf_fail_open": false,
            "enable_xff_client_port": false,
            "id": "arn:aws:elasticloadbalancing:us-east-1:429881705512:loadbalancer/app/epam-lb/8fc8b24925486c17",
            "idle_timeout": 60,
            "internal": false,
            "ip_address_type": "ipv4",
            "load_balancer_type": "application",
            "name": "epam-lb",
            "name_prefix": null,
            "preserve_host_header": false,
            "security_groups": [
              "sg-0458c9320a6f53433"
            ],
            "subnet_mapping": [
              {
                "allocation_id": "",
                "ipv6_address": "",
                "outpost_id": "",
                "private_ipv4_address": "",
                "subnet_id": "subnet-0183a14f56a11e021"
              },
              {
                "allocation_id": "",
                "ipv6_address": "",
                "outpost_id": "",
                "private_ipv4_address": "",
                "subnet_id": "subnet-087a96f0db4153117"
              },
              {
                "allocation_id": "",
                "ipv6_address": "",
                "outpost_id": "",
                "private_ipv4_address": "",
                "subnet_id": "subnet-092a25221a9fcc1a3"
              }
            ],
            "subnets": [
              "subnet-0183a14f56a11e021",
              "subnet-087a96f0db4153117",
              "subnet-092a25221a9fcc1a3"
            ],
            "tags": {
              "ENV": "dev"
            },
            "tags_all": {
              "ENV": "dev"
            },
            "timeouts": null,
            "vpc_id": "vpc-00064b2f065fb1214",
            "xff_header_processing_mode": "append",
            "zone_id": "Z35SXDOTRQ7X7K"
          },
          "sensitive_attributes": [],
          "private": "eyJlMmJmYjczMC1lY2FhLTExZTYtOGY4OC0zNDM2M2JjN2M0YzAiOnsiY3JlYXRlIjo2MDAwMDAwMDAwMDAsImRlbGV0ZSI6NjAwMDAwMDAwMDAwLCJ1cGRhdGUiOjYwMDAwMDAwMDAwMH19",
          "dependencies": [
            "aws_security_group.alb",
            "aws_security_group.bastion",
            "aws_security_group.ec2_pool",
            "aws_subnet.public_a",
            "aws_subnet.public_b",
            "aws_subnet.public_c",
            "aws_vpc.cloudx"
          ]
        }
      ]
    },
    {
      "mode": "managed",
      "type": "aws_lb_listener",
      "name": "default",
      "provider": "provider[\"registry.terraform.io/hashicorp/aws\"]",
      "instances": [
        {
          "schema_version": 0,
          "attributes": {
            "alpn_policy": null,
            "arn": "arn:aws:elasticloadbalancing:us-east-1:429881705512:listener/app/epam-lb/8fc8b24925486c17/0081b4d303ba723e",
            "certificate_arn": null,
            "default_action": [
              {
                "authenticate_cognito": [],
                "authenticate_oidc": [],
                "fixed_response": [],
                "forward": [],
                "order": 1,
                "redirect": [],
                "target_group_arn": "arn:aws:elasticloadbalancing:us-east-1:429881705512:targetgroup/ec2-pool/db5da20be1e2ccaf",
                "type": "forward"
              }
            ],
            "id": "arn:aws:elasticloadbalancing:us-east-1:429881705512:listener/app/epam-lb/8fc8b24925486c17/0081b4d303ba723e",
            "load_balancer_arn": "arn:aws:elasticloadbalancing:us-east-1:429881705512:loadbalancer/app/epam-lb/8fc8b24925486c17",
            "port": 80,
            "protocol": "HTTP",
            "ssl_policy": "",
            "tags": null,
            "tags_all": {},
            "timeouts": null
          },
          "sensitive_attributes": [],
          "private": "eyJlMmJmYjczMC1lY2FhLTExZTYtOGY4OC0zNDM2M2JjN2M0YzAiOnsicmVhZCI6NjAwMDAwMDAwMDAwfX0=",
          "dependencies": [
            "aws_lb.epam-lb",
            "aws_lb_target_group.ec2_target",
            "aws_security_group.alb",
            "aws_security_group.bastion",
            "aws_security_group.ec2_pool",
            "aws_subnet.public_a",
            "aws_subnet.public_b",
            "aws_subnet.public_c",
            "aws_vpc.cloudx"
          ]
        }
      ]
    },
    {
      "mode": "managed",
      "type": "aws_lb_target_group",
      "name": "ec2_target",
      "provider": "provider[\"registry.terraform.io/hashicorp/aws\"]",
      "instances": [
        {
          "schema_version": 0,
          "attributes": {
            "arn": "arn:aws:elasticloadbalancing:us-east-1:429881705512:targetgroup/ec2-pool/db5da20be1e2ccaf",
            "arn_suffix": "targetgroup/ec2-pool/db5da20be1e2ccaf",
            "connection_termination": false,
            "deregistration_delay": "300",
            "health_check": [
              {
                "enabled": true,
                "healthy_threshold": 2,
                "interval": 7,
                "matcher": "200",
                "path": "/ghost/api/admin/site/",
                "port": "traffic-port",
                "protocol": "HTTP",
                "timeout": 5,
                "unhealthy_threshold": 2
              }
            ],
            "id": "arn:aws:elasticloadbalancing:us-east-1:429881705512:targetgroup/ec2-pool/db5da20be1e2ccaf",
            "ip_address_type": "ipv4",
            "lambda_multi_value_headers_enabled": false,
            "load_balancing_algorithm_type": "round_robin",
            "load_balancing_cross_zone_enabled": "use_load_balancer_configuration",
            "name": "ec2-pool",
            "name_prefix": null,
            "port": 2368,
            "preserve_client_ip": null,
            "protocol": "HTTP",
            "protocol_version": "HTTP1",
            "proxy_protocol_v2": false,
            "slow_start": 0,
            "stickiness": [
              {
                "cookie_duration": 86400,
                "cookie_name": "",
                "enabled": false,
                "type": "lb_cookie"
              }
            ],
            "tags": null,
            "tags_all": {},
            "target_failover": [
              {
                "on_deregistration": null,
                "on_unhealthy": null
              }
            ],
            "target_type": "instance",
            "vpc_id": "vpc-00064b2f065fb1214"
          },
          "sensitive_attributes": [],
          "private": "bnVsbA==",
          "dependencies": [
            "aws_vpc.cloudx"
          ]
        }
      ]
    },
    {
      "mode": "managed",
      "type": "aws_route_table",
      "name": "public_rt",
      "provider": "provider[\"registry.terraform.io/hashicorp/aws\"]",
      "instances": [
        {
          "schema_version": 0,
          "attributes": {
            "arn": "arn:aws:ec2:us-east-1:429881705512:route-table/rtb-0f52ba5b8b7e8b32a",
            "id": "rtb-0f52ba5b8b7e8b32a",
            "owner_id": "429881705512",
            "propagating_vgws": [],
            "route": [
              {
                "carrier_gateway_id": "",
                "cidr_block": "0.0.0.0/0",
                "core_network_arn": "",
                "destination_prefix_list_id": "",
                "egress_only_gateway_id": "",
                "gateway_id": "igw-03038d366b2eb36ee",
                "ipv6_cidr_block": "",
                "local_gateway_id": "",
                "nat_gateway_id": "",
                "network_interface_id": "",
                "transit_gateway_id": "",
                "vpc_endpoint_id": "",
                "vpc_peering_connection_id": ""
              }
            ],
            "tags": null,
            "tags_all": {},
            "timeouts": null,
            "vpc_id": "vpc-00064b2f065fb1214"
          },
          "sensitive_attributes": [],
          "private": "eyJlMmJmYjczMC1lY2FhLTExZTYtOGY4OC0zNDM2M2JjN2M0YzAiOnsiY3JlYXRlIjozMDAwMDAwMDAwMDAsImRlbGV0ZSI6MzAwMDAwMDAwMDAwLCJ1cGRhdGUiOjEyMDAwMDAwMDAwMH19",
          "dependencies": [
            "aws_internet_gateway.cloudx-igw",
            "aws_vpc.cloudx"
          ]
        }
      ]
    },
    {
      "mode": "managed",
      "type": "aws_route_table_association",
      "name": "a",
      "provider": "provider[\"registry.terraform.io/hashicorp/aws\"]",
      "instances": [
        {
          "schema_version": 0,
          "attributes": {
            "gateway_id": "",
            "id": "rtbassoc-0e7a6358a31726540",
            "route_table_id": "rtb-0f52ba5b8b7e8b32a",
            "subnet_id": "subnet-087a96f0db4153117",
            "timeouts": null
          },
          "sensitive_attributes": [],
          "private": "eyJlMmJmYjczMC1lY2FhLTExZTYtOGY4OC0zNDM2M2JjN2M0YzAiOnsiY3JlYXRlIjozMDAwMDAwMDAwMDAsImRlbGV0ZSI6MzAwMDAwMDAwMDAwLCJ1cGRhdGUiOjEyMDAwMDAwMDAwMH19",
          "dependencies": [
            "aws_internet_gateway.cloudx-igw",
            "aws_route_table.public_rt",
            "aws_subnet.public_a",
            "aws_vpc.cloudx"
          ]
        }
      ]
    },
    {
      "mode": "managed",
      "type": "aws_route_table_association",
      "name": "b",
      "provider": "provider[\"registry.terraform.io/hashicorp/aws\"]",
      "instances": [
        {
          "schema_version": 0,
          "attributes": {
            "gateway_id": "",
            "id": "rtbassoc-081f595a69435ad55",
            "route_table_id": "rtb-0f52ba5b8b7e8b32a",
            "subnet_id": "subnet-0183a14f56a11e021",
            "timeouts": null
          },
          "sensitive_attributes": [],
          "private": "eyJlMmJmYjczMC1lY2FhLTExZTYtOGY4OC0zNDM2M2JjN2M0YzAiOnsiY3JlYXRlIjozMDAwMDAwMDAwMDAsImRlbGV0ZSI6MzAwMDAwMDAwMDAwLCJ1cGRhdGUiOjEyMDAwMDAwMDAwMH19",
          "dependencies": [
            "aws_internet_gateway.cloudx-igw",
            "aws_route_table.public_rt",
            "aws_subnet.public_b",
            "aws_vpc.cloudx"
          ]
        }
      ]
    },
    {
      "mode": "managed",
      "type": "aws_route_table_association",
      "name": "c",
      "provider": "provider[\"registry.terraform.io/hashicorp/aws\"]",
      "instances": [
        {
          "index_key": 0,
          "schema_version": 0,
          "attributes": {
            "gateway_id": "",
            "id": "rtbassoc-04755c726425590b6",
            "route_table_id": "rtb-0f52ba5b8b7e8b32a",
            "subnet_id": "subnet-092a25221a9fcc1a3",
            "timeouts": null
          },
          "sensitive_attributes": [],
          "private": "eyJlMmJmYjczMC1lY2FhLTExZTYtOGY4OC0zNDM2M2JjN2M0YzAiOnsiY3JlYXRlIjozMDAwMDAwMDAwMDAsImRlbGV0ZSI6MzAwMDAwMDAwMDAwLCJ1cGRhdGUiOjEyMDAwMDAwMDAwMH19",
          "dependencies": [
            "aws_internet_gateway.cloudx-igw",
            "aws_route_table.public_rt",
            "aws_subnet.public_c",
            "aws_vpc.cloudx"
          ]
        },
        {
          "index_key": 1,
          "schema_version": 0,
          "attributes": {
            "gateway_id": "",
            "id": "rtbassoc-04755c726425590b6",
            "route_table_id": "rtb-0f52ba5b8b7e8b32a",
            "subnet_id": "subnet-092a25221a9fcc1a3",
            "timeouts": null
          },
          "sensitive_attributes": [],
          "private": "eyJlMmJmYjczMC1lY2FhLTExZTYtOGY4OC0zNDM2M2JjN2M0YzAiOnsiY3JlYXRlIjozMDAwMDAwMDAwMDAsImRlbGV0ZSI6MzAwMDAwMDAwMDAwLCJ1cGRhdGUiOjEyMDAwMDAwMDAwMH19",
          "dependencies": [
            "aws_internet_gateway.cloudx-igw",
            "aws_route_table.public_rt",
            "aws_subnet.public_c",
            "aws_vpc.cloudx"
          ]
        },
        {
          "index_key": 2,
          "schema_version": 0,
          "attributes": {
            "gateway_id": "",
            "id": "rtbassoc-04755c726425590b6",
            "route_table_id": "rtb-0f52ba5b8b7e8b32a",
            "subnet_id": "subnet-092a25221a9fcc1a3",
            "timeouts": null
          },
          "sensitive_attributes": [],
          "private": "eyJlMmJmYjczMC1lY2FhLTExZTYtOGY4OC0zNDM2M2JjN2M0YzAiOnsiY3JlYXRlIjozMDAwMDAwMDAwMDAsImRlbGV0ZSI6MzAwMDAwMDAwMDAwLCJ1cGRhdGUiOjEyMDAwMDAwMDAwMH19",
          "dependencies": [
            "aws_internet_gateway.cloudx-igw",
            "aws_route_table.public_rt",
            "aws_subnet.public_c",
            "aws_vpc.cloudx"
          ]
        }
      ]
    },
    {
      "mode": "managed",
      "type": "aws_security_group",
      "name": "alb",
      "provider": "provider[\"registry.terraform.io/hashicorp/aws\"]",
      "instances": [
        {
          "schema_version": 1,
          "attributes": {
            "arn": "arn:aws:ec2:us-east-1:429881705512:security-group/sg-0458c9320a6f53433",
            "description": "allows access to alb",
            "egress": [
              {
                "cidr_blocks": [
                  "0.0.0.0/0"
                ],
                "description": "",
                "from_port": 0,
                "ipv6_cidr_blocks": [],
                "prefix_list_ids": [],
                "protocol": "-1",
                "security_groups": [
                  "sg-0db21ebf16f39a3ec"
                ],
                "self": false,
                "to_port": 0
              }
            ],
            "id": "sg-0458c9320a6f53433",
            "ingress": [
              {
                "cidr_blocks": [
                  "0.0.0.0/0"
                ],
                "description": "HTTP from internet",
                "from_port": 80,
                "ipv6_cidr_blocks": [],
                "prefix_list_ids": [],
                "protocol": "tcp",
                "security_groups": [],
                "self": false,
                "to_port": 80
              }
            ],
            "name": "terraform-20231012073008636900000005",
            "name_prefix": "terraform-",
            "owner_id": "429881705512",
            "revoke_rules_on_delete": false,
            "tags": {
              "Name": "ALB"
            },
            "tags_all": {
              "Name": "ALB"
            },
            "timeouts": null,
            "vpc_id": "vpc-00064b2f065fb1214"
          },
          "sensitive_attributes": [],
          "private": "eyJlMmJmYjczMC1lY2FhLTExZTYtOGY4OC0zNDM2M2JjN2M0YzAiOnsiY3JlYXRlIjo2MDAwMDAwMDAwMDAsImRlbGV0ZSI6OTAwMDAwMDAwMDAwfSwic2NoZW1hX3ZlcnNpb24iOiIxIn0=",
          "dependencies": [
            "aws_security_group.bastion",
            "aws_security_group.ec2_pool",
            "aws_vpc.cloudx"
          ]
        }
      ]
    },
    {
      "mode": "managed",
      "type": "aws_security_group",
      "name": "bastion",
      "provider": "provider[\"registry.terraform.io/hashicorp/aws\"]",
      "instances": [
        {
          "schema_version": 1,
          "attributes": {
            "arn": "arn:aws:ec2:us-east-1:429881705512:security-group/sg-01488847de37627b7",
            "description": "allows access to bastion",
            "egress": [
              {
                "cidr_blocks": [
                  "0.0.0.0/0"
                ],
                "description": "",
                "from_port": 0,
                "ipv6_cidr_blocks": [],
                "prefix_list_ids": [],
                "protocol": "-1",
                "security_groups": [],
                "self": false,
                "to_port": 0
              }
            ],
            "id": "sg-01488847de37627b7",
            "ingress": [
              {
                "cidr_blocks": [
                  "0.0.0.0/0"
                ],
                "description": "SSH from outside",
                "from_port": 22,
                "ipv6_cidr_blocks": [],
                "prefix_list_ids": [],
                "protocol": "tcp",
                "security_groups": [],
                "self": false,
                "to_port": 22
              }
            ],
            "name": "terraform-20231012073000931600000002",
            "name_prefix": "terraform-",
            "owner_id": "429881705512",
            "revoke_rules_on_delete": false,
            "tags": {
              "Name": "Bastion"
            },
            "tags_all": {
              "Name": "Bastion"
            },
            "timeouts": null,
            "vpc_id": "vpc-00064b2f065fb1214"
          },
          "sensitive_attributes": [],
          "private": "eyJlMmJmYjczMC1lY2FhLTExZTYtOGY4OC0zNDM2M2JjN2M0YzAiOnsiY3JlYXRlIjo2MDAwMDAwMDAwMDAsImRlbGV0ZSI6OTAwMDAwMDAwMDAwfSwic2NoZW1hX3ZlcnNpb24iOiIxIn0=",
          "dependencies": [
            "aws_vpc.cloudx"
          ]
        }
      ]
    },
    {
      "mode": "managed",
      "type": "aws_security_group",
      "name": "ec2_pool",
      "provider": "provider[\"registry.terraform.io/hashicorp/aws\"]",
      "instances": [
        {
          "schema_version": 1,
          "attributes": {
            "arn": "arn:aws:ec2:us-east-1:429881705512:security-group/sg-0db21ebf16f39a3ec",
            "description": "allows access to ec2 instances",
            "egress": [
              {
                "cidr_blocks": [
                  "0.0.0.0/0"
                ],
                "description": "",
                "from_port": 0,
                "ipv6_cidr_blocks": [],
                "prefix_list_ids": [],
                "protocol": "-1",
                "security_groups": [],
                "self": false,
                "to_port": 0
              }
            ],
            "id": "sg-0db21ebf16f39a3ec",
            "ingress": [
              {
                "cidr_blocks": [
                  "10.10.0.0/16"
                ],
                "description": "SSH from bastion sg",
                "from_port": 2049,
                "ipv6_cidr_blocks": [],
                "prefix_list_ids": [],
                "protocol": "tcp",
                "security_groups": [],
                "self": false,
                "to_port": 2049
              },
              {
                "cidr_blocks": [
                  "10.10.0.0/16"
                ],
                "description": "traffic from ALB",
                "from_port": 2368,
                "ipv6_cidr_blocks": [],
                "prefix_list_ids": [],
                "protocol": "tcp",
                "security_groups": [],
                "self": false,
                "to_port": 2368
              },
              {
                "cidr_blocks": [],
                "description": "SSH from bastion sg",
                "from_port": 22,
                "ipv6_cidr_blocks": [],
                "prefix_list_ids": [],
                "protocol": "tcp",
                "security_groups": [
                  "sg-01488847de37627b7"
                ],
                "self": false,
                "to_port": 22
              }
            ],
            "name": "terraform-20231012073005000100000004",
            "name_prefix": "terraform-",
            "owner_id": "429881705512",
            "revoke_rules_on_delete": false,
            "tags": {
              "Name": "EC2 pool"
            },
            "tags_all": {
              "Name": "EC2 pool"
            },
            "timeouts": null,
            "vpc_id": "vpc-00064b2f065fb1214"
          },
          "sensitive_attributes": [],
          "private": "eyJlMmJmYjczMC1lY2FhLTExZTYtOGY4OC0zNDM2M2JjN2M0YzAiOnsiY3JlYXRlIjo2MDAwMDAwMDAwMDAsImRlbGV0ZSI6OTAwMDAwMDAwMDAwfSwic2NoZW1hX3ZlcnNpb24iOiIxIn0=",
          "dependencies": [
            "aws_security_group.bastion",
            "aws_vpc.cloudx"
          ]
        }
      ]
    },
    {
      "mode": "managed",
      "type": "aws_security_group",
      "name": "efs",
      "provider": "provider[\"registry.terraform.io/hashicorp/aws\"]",
      "instances": [
        {
          "schema_version": 1,
          "attributes": {
            "arn": "arn:aws:ec2:us-east-1:429881705512:security-group/sg-09f30712993b582e1",
            "description": "defines access to efs mount points",
            "egress": [
              {
                "cidr_blocks": [
                  "10.10.0.0/16"
                ],
                "description": "",
                "from_port": 0,
                "ipv6_cidr_blocks": [],
                "prefix_list_ids": [],
                "protocol": "-1",
                "security_groups": [],
                "self": false,
                "to_port": 0
              }
            ],
            "id": "sg-09f30712993b582e1",
            "ingress": [
              {
                "cidr_blocks": [],
                "description": "EFS",
                "from_port": 2049,
                "ipv6_cidr_blocks": [],
                "prefix_list_ids": [],
                "protocol": "tcp",
                "security_groups": [
                  "sg-0db21ebf16f39a3ec"
                ],
                "self": false,
                "to_port": 2049
              }
            ],
            "name": "efs",
            "name_prefix": "",
            "owner_id": "429881705512",
            "revoke_rules_on_delete": false,
            "tags": {
              "Name": "EFS"
            },
            "tags_all": {
              "Name": "EFS"
            },
            "timeouts": null,
            "vpc_id": "vpc-00064b2f065fb1214"
          },
          "sensitive_attributes": [],
          "private": "eyJlMmJmYjczMC1lY2FhLTExZTYtOGY4OC0zNDM2M2JjN2M0YzAiOnsiY3JlYXRlIjo2MDAwMDAwMDAwMDAsImRlbGV0ZSI6OTAwMDAwMDAwMDAwfSwic2NoZW1hX3ZlcnNpb24iOiIxIn0=",
          "dependencies": [
            "aws_security_group.bastion",
            "aws_security_group.ec2_pool",
            "aws_vpc.cloudx"
          ]
        }
      ]
    },
    {
      "mode": "managed",
      "type": "aws_subnet",
      "name": "public_a",
      "provider": "provider[\"registry.terraform.io/hashicorp/aws\"]",
      "instances": [
        {
          "schema_version": 1,
          "attributes": {
            "arn": "arn:aws:ec2:us-east-1:429881705512:subnet/subnet-087a96f0db4153117",
            "assign_ipv6_address_on_creation": false,
            "availability_zone": "us-east-1a",
            "availability_zone_id": "use1-az6",
            "cidr_block": "10.10.1.0/24",
            "customer_owned_ipv4_pool": "",
            "enable_dns64": false,
            "enable_lni_at_device_index": 0,
            "enable_resource_name_dns_a_record_on_launch": false,
            "enable_resource_name_dns_aaaa_record_on_launch": false,
            "id": "subnet-087a96f0db4153117",
            "ipv6_cidr_block": "",
            "ipv6_cidr_block_association_id": "",
            "ipv6_native": false,
            "map_customer_owned_ip_on_launch": false,
            "map_public_ip_on_launch": false,
            "outpost_arn": "",
            "owner_id": "429881705512",
            "private_dns_hostname_type_on_launch": "ip-name",
            "tags": null,
            "tags_all": {},
            "timeouts": null,
            "vpc_id": "vpc-00064b2f065fb1214"
          },
          "sensitive_attributes": [],
          "private": "eyJlMmJmYjczMC1lY2FhLTExZTYtOGY4OC0zNDM2M2JjN2M0YzAiOnsiY3JlYXRlIjo2MDAwMDAwMDAwMDAsImRlbGV0ZSI6MTIwMDAwMDAwMDAwMH0sInNjaGVtYV92ZXJzaW9uIjoiMSJ9",
          "dependencies": [
            "aws_vpc.cloudx"
          ]
        }
      ]
    },
    {
      "mode": "managed",
      "type": "aws_subnet",
      "name": "public_b",
      "provider": "provider[\"registry.terraform.io/hashicorp/aws\"]",
      "instances": [
        {
          "schema_version": 1,
          "attributes": {
            "arn": "arn:aws:ec2:us-east-1:429881705512:subnet/subnet-0183a14f56a11e021",
            "assign_ipv6_address_on_creation": false,
            "availability_zone": "us-east-1b",
            "availability_zone_id": "use1-az1",
            "cidr_block": "10.10.2.0/24",
            "customer_owned_ipv4_pool": "",
            "enable_dns64": false,
            "enable_lni_at_device_index": 0,
            "enable_resource_name_dns_a_record_on_launch": false,
            "enable_resource_name_dns_aaaa_record_on_launch": false,
            "id": "subnet-0183a14f56a11e021",
            "ipv6_cidr_block": "",
            "ipv6_cidr_block_association_id": "",
            "ipv6_native": false,
            "map_customer_owned_ip_on_launch": false,
            "map_public_ip_on_launch": false,
            "outpost_arn": "",
            "owner_id": "429881705512",
            "private_dns_hostname_type_on_launch": "ip-name",
            "tags": null,
            "tags_all": {},
            "timeouts": null,
            "vpc_id": "vpc-00064b2f065fb1214"
          },
          "sensitive_attributes": [],
          "private": "eyJlMmJmYjczMC1lY2FhLTExZTYtOGY4OC0zNDM2M2JjN2M0YzAiOnsiY3JlYXRlIjo2MDAwMDAwMDAwMDAsImRlbGV0ZSI6MTIwMDAwMDAwMDAwMH0sInNjaGVtYV92ZXJzaW9uIjoiMSJ9",
          "dependencies": [
            "aws_vpc.cloudx"
          ]
        }
      ]
    },
    {
      "mode": "managed",
      "type": "aws_subnet",
      "name": "public_c",
      "provider": "provider[\"registry.terraform.io/hashicorp/aws\"]",
      "instances": [
        {
          "schema_version": 1,
          "attributes": {
            "arn": "arn:aws:ec2:us-east-1:429881705512:subnet/subnet-092a25221a9fcc1a3",
            "assign_ipv6_address_on_creation": false,
            "availability_zone": "us-east-1c",
            "availability_zone_id": "use1-az2",
            "cidr_block": "10.10.3.0/24",
            "customer_owned_ipv4_pool": "",
            "enable_dns64": false,
            "enable_lni_at_device_index": 0,
            "enable_resource_name_dns_a_record_on_launch": false,
            "enable_resource_name_dns_aaaa_record_on_launch": false,
            "id": "subnet-092a25221a9fcc1a3",
            "ipv6_cidr_block": "",
            "ipv6_cidr_block_association_id": "",
            "ipv6_native": false,
            "map_customer_owned_ip_on_launch": false,
            "map_public_ip_on_launch": false,
            "outpost_arn": "",
            "owner_id": "429881705512",
            "private_dns_hostname_type_on_launch": "ip-name",
            "tags": null,
            "tags_all": {},
            "timeouts": null,
            "vpc_id": "vpc-00064b2f065fb1214"
          },
          "sensitive_attributes": [],
          "private": "eyJlMmJmYjczMC1lY2FhLTExZTYtOGY4OC0zNDM2M2JjN2M0YzAiOnsiY3JlYXRlIjo2MDAwMDAwMDAwMDAsImRlbGV0ZSI6MTIwMDAwMDAwMDAwMH0sInNjaGVtYV92ZXJzaW9uIjoiMSJ9",
          "dependencies": [
            "aws_vpc.cloudx"
          ]
        }
      ]
    },
    {
      "mode": "managed",
      "type": "aws_vpc",
      "name": "cloudx",
      "provider": "provider[\"registry.terraform.io/hashicorp/aws\"]",
      "instances": [
        {
          "schema_version": 1,
          "attributes": {
            "arn": "arn:aws:ec2:us-east-1:429881705512:vpc/vpc-00064b2f065fb1214",
            "assign_generated_ipv6_cidr_block": false,
            "cidr_block": "10.10.0.0/16",
            "default_network_acl_id": "acl-0307f3b1f17d8b654",
            "default_route_table_id": "rtb-07b4575a796a8e1e3",
            "default_security_group_id": "sg-0a26da0f30cd21666",
            "dhcp_options_id": "dopt-0ce8602f9dcf17c74",
            "enable_dns_hostnames": true,
            "enable_dns_support": true,
            "enable_network_address_usage_metrics": false,
            "id": "vpc-00064b2f065fb1214",
            "instance_tenancy": "default",
            "ipv4_ipam_pool_id": null,
            "ipv4_netmask_length": null,
            "ipv6_association_id": "",
            "ipv6_cidr_block": "",
            "ipv6_cidr_block_network_border_group": "",
            "ipv6_ipam_pool_id": "",
            "ipv6_netmask_length": 0,
            "main_route_table_id": "rtb-07b4575a796a8e1e3",
            "owner_id": "429881705512",
            "tags": {
              "Name": "cloudx"
            },
            "tags_all": {
              "Name": "cloudx"
            }
          },
          "sensitive_attributes": [],
          "private": "eyJzY2hlbWFfdmVyc2lvbiI6IjEifQ=="
        }
      ]
    }
  ],
  "check_results": null
}
